
Microsoft Visual Studio Solution File, Format Version 12.00
# Visual Studio 15
VisualStudioVersion = 15.0.26430.14
MinimumVisualStudioVersion = 10.0.40219.1
Project("{2150E333-8FDC-42A3-9474-1A3956D46DE8}") = "Web", "Web", "{6DC55185-AAFA-4650-B064-CB04257109FE}"
EndProject
Project("{FAE04EC0-301F-11D3-BF4B-00C04F79EFBC}") = "Shaman.BackEnd", "Shaman.Server\Web\Shaman.BackEnd\Shaman.BackEnd.csproj", "{77F00E04-F9BA-4C78-941A-7F8D5887F2A3}"
EndProject
Project("{FAE04EC0-301F-11D3-BF4B-00C04F79EFBC}") = "Shaman.Router", "Shaman.Server\Web\Shaman.Router\Shaman.Router.csproj", "{4142B4CF-D166-4E3F-BCDE-F21324797DE6}"
EndProject
Project("{FAE04EC0-301F-11D3-BF4B-00C04F79EFBC}") = "Shaman.DAL", "Shaman.Server\Web\Shaman.DAL\Shaman.DAL.csproj", "{E1EE08A1-6EA8-4E29-8243-7BDDD425400F}"
EndProject
Project("{2150E333-8FDC-42A3-9474-1A3956D46DE8}") = "Clients", "Clients", "{6D2BFABF-B635-44CE-B8D1-535521B1174C}"
EndProject
Project("{2150E333-8FDC-42A3-9474-1A3956D46DE8}") = "Servers", "Servers", "{5681CC39-9FAB-4A2F-935B-3BE870EB18B6}"
EndProject
Project("{2150E333-8FDC-42A3-9474-1A3956D46DE8}") = "Common", "Common", "{0F24BC06-D961-4A3F-9EFD-1B4A96688425}"
EndProject
Project("{2150E333-8FDC-42A3-9474-1A3956D46DE8}") = "Network", "Network", "{8BF92AD4-B028-49F4-8BB3-26FDAFE7298A}"
EndProject
Project("{FAE04EC0-301F-11D3-BF4B-00C04F79EFBC}") = "Shaman.Common.Server", "Shaman.Server\Common\Shaman.Common.Server\Shaman.Common.Server.csproj", "{4DA04B75-FCD5-4A2E-8469-410F14E24870}"
EndProject
Project("{FAE04EC0-301F-11D3-BF4B-00C04F79EFBC}") = "Shaman.Common.Utils", "Shaman.Server\Common\Shaman.Common.Utils\Shaman.Common.Utils.csproj", "{E2294E62-D74E-4FCB-84CF-7E454079C1CD}"
EndProject
Project("{FAE04EC0-301F-11D3-BF4B-00C04F79EFBC}") = "Shaman.Client", "Shaman.Server\Clients\Shaman.Client\Shaman.Client.csproj", "{52F7916C-2336-45BD-997F-E65B109B1E3D}"
EndProject
Project("{FAE04EC0-301F-11D3-BF4B-00C04F79EFBC}") = "Shaman.Messages", "Shaman.Server\Servers\Shaman.Messages\Shaman.Messages.csproj", "{188691B8-9FCB-4B5C-B163-B2DA10F8BCC2}"
EndProject
Project("{FAE04EC0-301F-11D3-BF4B-00C04F79EFBC}") = "HazelAdapter", "Shaman.Server\Network\Shaman.HazelAdapter\Shaman.HazelAdapter.csproj", "{FB9012EB-3838-4754-BAD8-B004AA468288}"
EndProject
Project("{FAE04EC0-301F-11D3-BF4B-00C04F79EFBC}") = "Shaman.Game", "Shaman.Server\Servers\Shaman.Game\Shaman.Game.csproj", "{4F8BB778-900C-4906-AF43-13FC617068D0}"
EndProject
Project("{FAE04EC0-301F-11D3-BF4B-00C04F79EFBC}") = "Shaman.MM", "Shaman.Server\Servers\Shaman.MM\Shaman.MM.csproj", "{8E9913FD-D864-4B03-8080-6494E7277362}"
EndProject
Project("{FAE04EC0-301F-11D3-BF4B-00C04F79EFBC}") = "Shaman.Shared", "Shaman.Server\Web\Shaman.Shared\Shaman.Shared.csproj", "{2D78F9D8-9FA2-42FA-B875-22D83EE88F75}"
EndProject
Project("{FAE04EC0-301F-11D3-BF4B-00C04F79EFBC}") = "Shaman.Tests", "Shaman.Server\Shaman.Tests\Shaman.Tests.csproj", "{47805C91-A245-4702-B142-2968E7F65B32}"
EndProject
Project("{FAE04EC0-301F-11D3-BF4B-00C04F79EFBC}") = "Shaman.ServerSharedUtilities", "Shaman.Server\Servers\Shaman.ServerSharedUtilities\Shaman.ServerSharedUtilities.csproj", "{E974AA83-F903-45CB-B255-75720098FF50}"
EndProject
Project("{2150E333-8FDC-42A3-9474-1A3956D46DE8}") = "SolutionItems", "SolutionItems", "{41E076DA-AB3A-4574-9D14-BC883159B60D}"
ProjectSection(SolutionItems) = preProject
	Shaman.Server\docker-compose.yml = Shaman.Server\docker-compose.yml
	Shaman.Server\Dockerfile.Mysql = Shaman.Server\Dockerfile.Mysql
EndProjectSection
EndProject
Project("{2150E333-8FDC-42A3-9474-1A3956D46DE8}") = "DbBackups", "DbBackups", "{176E5CB4-FBDB-4785-A69B-4FBCFF705D47}"
ProjectSection(SolutionItems) = preProject
	Shaman.Server\DbBackups\db_all.sql = Shaman.Server\DbBackups\db_all.sql
EndProjectSection
EndProject
Global
	GlobalSection(SolutionConfigurationPlatforms) = preSolution
		Debug|Any CPU = Debug|Any CPU
		Debug|Mixed Platforms = Debug|Mixed Platforms
		Debug|Win32 = Debug|Win32
		Release|Any CPU = Release|Any CPU
		Release|Mixed Platforms = Release|Mixed Platforms
		Release|Win32 = Release|Win32
	EndGlobalSection
	GlobalSection(ProjectConfigurationPlatforms) = postSolution
		{ADD315C4-887B-4353-92A9-AFC6D8D8065C}.Debug|Any CPU.ActiveCfg = Debug|Any CPU
		{ADD315C4-887B-4353-92A9-AFC6D8D8065C}.Debug|Any CPU.Build.0 = Debug|Any CPU
		{ADD315C4-887B-4353-92A9-AFC6D8D8065C}.Debug|Mixed Platforms.ActiveCfg = Debug|Any CPU
		{ADD315C4-887B-4353-92A9-AFC6D8D8065C}.Debug|Mixed Platforms.Build.0 = Debug|Any CPU
		{ADD315C4-887B-4353-92A9-AFC6D8D8065C}.Debug|Win32.ActiveCfg = Debug|Any CPU
		{ADD315C4-887B-4353-92A9-AFC6D8D8065C}.Debug|Win32.Build.0 = Debug|Any CPU
		{ADD315C4-887B-4353-92A9-AFC6D8D8065C}.Release|Any CPU.ActiveCfg = Release|Any CPU
		{ADD315C4-887B-4353-92A9-AFC6D8D8065C}.Release|Any CPU.Build.0 = Release|Any CPU
		{ADD315C4-887B-4353-92A9-AFC6D8D8065C}.Release|Mixed Platforms.ActiveCfg = Release|Any CPU
		{ADD315C4-887B-4353-92A9-AFC6D8D8065C}.Release|Mixed Platforms.Build.0 = Release|Any CPU
		{ADD315C4-887B-4353-92A9-AFC6D8D8065C}.Release|Win32.ActiveCfg = Release|Any CPU
		{ADD315C4-887B-4353-92A9-AFC6D8D8065C}.Release|Win32.Build.0 = Release|Any CPU
		{77F00E04-F9BA-4C78-941A-7F8D5887F2A3}.Debug|Any CPU.ActiveCfg = Debug|Any CPU
		{77F00E04-F9BA-4C78-941A-7F8D5887F2A3}.Debug|Any CPU.Build.0 = Debug|Any CPU
		{77F00E04-F9BA-4C78-941A-7F8D5887F2A3}.Debug|Mixed Platforms.ActiveCfg = Debug|Any CPU
		{77F00E04-F9BA-4C78-941A-7F8D5887F2A3}.Debug|Mixed Platforms.Build.0 = Debug|Any CPU
		{77F00E04-F9BA-4C78-941A-7F8D5887F2A3}.Debug|Win32.ActiveCfg = Debug|Any CPU
		{77F00E04-F9BA-4C78-941A-7F8D5887F2A3}.Debug|Win32.Build.0 = Debug|Any CPU
		{77F00E04-F9BA-4C78-941A-7F8D5887F2A3}.Release|Any CPU.ActiveCfg = Release|Any CPU
		{77F00E04-F9BA-4C78-941A-7F8D5887F2A3}.Release|Any CPU.Build.0 = Release|Any CPU
		{77F00E04-F9BA-4C78-941A-7F8D5887F2A3}.Release|Mixed Platforms.ActiveCfg = Release|Any CPU
		{77F00E04-F9BA-4C78-941A-7F8D5887F2A3}.Release|Mixed Platforms.Build.0 = Release|Any CPU
		{77F00E04-F9BA-4C78-941A-7F8D5887F2A3}.Release|Win32.ActiveCfg = Release|Any CPU
		{77F00E04-F9BA-4C78-941A-7F8D5887F2A3}.Release|Win32.Build.0 = Release|Any CPU
		{4142B4CF-D166-4E3F-BCDE-F21324797DE6}.Debug|Any CPU.ActiveCfg = Debug|Any CPU
		{4142B4CF-D166-4E3F-BCDE-F21324797DE6}.Debug|Any CPU.Build.0 = Debug|Any CPU
		{4142B4CF-D166-4E3F-BCDE-F21324797DE6}.Debug|Mixed Platforms.ActiveCfg = Debug|Any CPU
		{4142B4CF-D166-4E3F-BCDE-F21324797DE6}.Debug|Mixed Platforms.Build.0 = Debug|Any CPU
		{4142B4CF-D166-4E3F-BCDE-F21324797DE6}.Debug|Win32.ActiveCfg = Debug|Any CPU
		{4142B4CF-D166-4E3F-BCDE-F21324797DE6}.Debug|Win32.Build.0 = Debug|Any CPU
		{4142B4CF-D166-4E3F-BCDE-F21324797DE6}.Release|Any CPU.ActiveCfg = Release|Any CPU
		{4142B4CF-D166-4E3F-BCDE-F21324797DE6}.Release|Any CPU.Build.0 = Release|Any CPU
		{4142B4CF-D166-4E3F-BCDE-F21324797DE6}.Release|Mixed Platforms.ActiveCfg = Release|Any CPU
		{4142B4CF-D166-4E3F-BCDE-F21324797DE6}.Release|Mixed Platforms.Build.0 = Release|Any CPU
		{4142B4CF-D166-4E3F-BCDE-F21324797DE6}.Release|Win32.ActiveCfg = Release|Any CPU
		{4142B4CF-D166-4E3F-BCDE-F21324797DE6}.Release|Win32.Build.0 = Release|Any CPU
		{E1EE08A1-6EA8-4E29-8243-7BDDD425400F}.Debug|Any CPU.ActiveCfg = Debug|Any CPU
		{E1EE08A1-6EA8-4E29-8243-7BDDD425400F}.Debug|Any CPU.Build.0 = Debug|Any CPU
		{E1EE08A1-6EA8-4E29-8243-7BDDD425400F}.Debug|Mixed Platforms.ActiveCfg = Debug|Any CPU
		{E1EE08A1-6EA8-4E29-8243-7BDDD425400F}.Debug|Mixed Platforms.Build.0 = Debug|Any CPU
		{E1EE08A1-6EA8-4E29-8243-7BDDD425400F}.Debug|Win32.ActiveCfg = Debug|Any CPU
		{E1EE08A1-6EA8-4E29-8243-7BDDD425400F}.Debug|Win32.Build.0 = Debug|Any CPU
		{E1EE08A1-6EA8-4E29-8243-7BDDD425400F}.Release|Any CPU.ActiveCfg = Release|Any CPU
		{E1EE08A1-6EA8-4E29-8243-7BDDD425400F}.Release|Any CPU.Build.0 = Release|Any CPU
		{E1EE08A1-6EA8-4E29-8243-7BDDD425400F}.Release|Mixed Platforms.ActiveCfg = Release|Any CPU
		{E1EE08A1-6EA8-4E29-8243-7BDDD425400F}.Release|Mixed Platforms.Build.0 = Release|Any CPU
		{E1EE08A1-6EA8-4E29-8243-7BDDD425400F}.Release|Win32.ActiveCfg = Release|Any CPU
		{E1EE08A1-6EA8-4E29-8243-7BDDD425400F}.Release|Win32.Build.0 = Release|Any CPU
		{4DA04B75-FCD5-4A2E-8469-410F14E24870}.Debug|Any CPU.ActiveCfg = Debug|Any CPU
		{4DA04B75-FCD5-4A2E-8469-410F14E24870}.Debug|Any CPU.Build.0 = Debug|Any CPU
		{4DA04B75-FCD5-4A2E-8469-410F14E24870}.Debug|Mixed Platforms.ActiveCfg = Debug|Any CPU
		{4DA04B75-FCD5-4A2E-8469-410F14E24870}.Debug|Mixed Platforms.Build.0 = Debug|Any CPU
		{4DA04B75-FCD5-4A2E-8469-410F14E24870}.Debug|Win32.ActiveCfg = Debug|Any CPU
		{4DA04B75-FCD5-4A2E-8469-410F14E24870}.Debug|Win32.Build.0 = Debug|Any CPU
		{4DA04B75-FCD5-4A2E-8469-410F14E24870}.Release|Any CPU.ActiveCfg = Release|Any CPU
		{4DA04B75-FCD5-4A2E-8469-410F14E24870}.Release|Any CPU.Build.0 = Release|Any CPU
		{4DA04B75-FCD5-4A2E-8469-410F14E24870}.Release|Mixed Platforms.ActiveCfg = Release|Any CPU
		{4DA04B75-FCD5-4A2E-8469-410F14E24870}.Release|Mixed Platforms.Build.0 = Release|Any CPU
		{4DA04B75-FCD5-4A2E-8469-410F14E24870}.Release|Win32.ActiveCfg = Release|Any CPU
		{4DA04B75-FCD5-4A2E-8469-410F14E24870}.Release|Win32.Build.0 = Release|Any CPU
		{E2294E62-D74E-4FCB-84CF-7E454079C1CD}.Debug|Any CPU.ActiveCfg = Debug|Any CPU
		{E2294E62-D74E-4FCB-84CF-7E454079C1CD}.Debug|Any CPU.Build.0 = Debug|Any CPU
		{E2294E62-D74E-4FCB-84CF-7E454079C1CD}.Debug|Mixed Platforms.ActiveCfg = Debug|Any CPU
		{E2294E62-D74E-4FCB-84CF-7E454079C1CD}.Debug|Mixed Platforms.Build.0 = Debug|Any CPU
		{E2294E62-D74E-4FCB-84CF-7E454079C1CD}.Debug|Win32.ActiveCfg = Debug|Any CPU
		{E2294E62-D74E-4FCB-84CF-7E454079C1CD}.Debug|Win32.Build.0 = Debug|Any CPU
		{E2294E62-D74E-4FCB-84CF-7E454079C1CD}.Release|Any CPU.ActiveCfg = Release|Any CPU
		{E2294E62-D74E-4FCB-84CF-7E454079C1CD}.Release|Any CPU.Build.0 = Release|Any CPU
		{E2294E62-D74E-4FCB-84CF-7E454079C1CD}.Release|Mixed Platforms.ActiveCfg = Release|Any CPU
		{E2294E62-D74E-4FCB-84CF-7E454079C1CD}.Release|Mixed Platforms.Build.0 = Release|Any CPU
		{E2294E62-D74E-4FCB-84CF-7E454079C1CD}.Release|Win32.ActiveCfg = Release|Any CPU
		{E2294E62-D74E-4FCB-84CF-7E454079C1CD}.Release|Win32.Build.0 = Release|Any CPU
		{52F7916C-2336-45BD-997F-E65B109B1E3D}.Debug|Any CPU.ActiveCfg = Debug|Any CPU
		{52F7916C-2336-45BD-997F-E65B109B1E3D}.Debug|Any CPU.Build.0 = Debug|Any CPU
		{52F7916C-2336-45BD-997F-E65B109B1E3D}.Debug|Mixed Platforms.ActiveCfg = Debug|Any CPU
		{52F7916C-2336-45BD-997F-E65B109B1E3D}.Debug|Mixed Platforms.Build.0 = Debug|Any CPU
		{52F7916C-2336-45BD-997F-E65B109B1E3D}.Debug|Win32.ActiveCfg = Debug|Any CPU
		{52F7916C-2336-45BD-997F-E65B109B1E3D}.Debug|Win32.Build.0 = Debug|Any CPU
		{52F7916C-2336-45BD-997F-E65B109B1E3D}.Release|Any CPU.ActiveCfg = Release|Any CPU
		{52F7916C-2336-45BD-997F-E65B109B1E3D}.Release|Any CPU.Build.0 = Release|Any CPU
		{52F7916C-2336-45BD-997F-E65B109B1E3D}.Release|Mixed Platforms.ActiveCfg = Release|Any CPU
		{52F7916C-2336-45BD-997F-E65B109B1E3D}.Release|Mixed Platforms.Build.0 = Release|Any CPU
		{52F7916C-2336-45BD-997F-E65B109B1E3D}.Release|Win32.ActiveCfg = Release|Any CPU
		{52F7916C-2336-45BD-997F-E65B109B1E3D}.Release|Win32.Build.0 = Release|Any CPU
		{188691B8-9FCB-4B5C-B163-B2DA10F8BCC2}.Debug|Any CPU.ActiveCfg = Debug|Any CPU
		{188691B8-9FCB-4B5C-B163-B2DA10F8BCC2}.Debug|Any CPU.Build.0 = Debug|Any CPU
		{188691B8-9FCB-4B5C-B163-B2DA10F8BCC2}.Debug|Mixed Platforms.ActiveCfg = Debug|Any CPU
		{188691B8-9FCB-4B5C-B163-B2DA10F8BCC2}.Debug|Mixed Platforms.Build.0 = Debug|Any CPU
		{188691B8-9FCB-4B5C-B163-B2DA10F8BCC2}.Debug|Win32.ActiveCfg = Debug|Any CPU
		{188691B8-9FCB-4B5C-B163-B2DA10F8BCC2}.Debug|Win32.Build.0 = Debug|Any CPU
		{188691B8-9FCB-4B5C-B163-B2DA10F8BCC2}.Release|Any CPU.ActiveCfg = Release|Any CPU
		{188691B8-9FCB-4B5C-B163-B2DA10F8BCC2}.Release|Any CPU.Build.0 = Release|Any CPU
		{188691B8-9FCB-4B5C-B163-B2DA10F8BCC2}.Release|Mixed Platforms.ActiveCfg = Release|Any CPU
		{188691B8-9FCB-4B5C-B163-B2DA10F8BCC2}.Release|Mixed Platforms.Build.0 = Release|Any CPU
		{188691B8-9FCB-4B5C-B163-B2DA10F8BCC2}.Release|Win32.ActiveCfg = Release|Any CPU
		{188691B8-9FCB-4B5C-B163-B2DA10F8BCC2}.Release|Win32.Build.0 = Release|Any CPU
		{FB9012EB-3838-4754-BAD8-B004AA468288}.Debug|Any CPU.ActiveCfg = Debug|Any CPU
		{FB9012EB-3838-4754-BAD8-B004AA468288}.Debug|Any CPU.Build.0 = Debug|Any CPU
		{FB9012EB-3838-4754-BAD8-B004AA468288}.Debug|Mixed Platforms.ActiveCfg = Debug|Any CPU
		{FB9012EB-3838-4754-BAD8-B004AA468288}.Debug|Mixed Platforms.Build.0 = Debug|Any CPU
		{FB9012EB-3838-4754-BAD8-B004AA468288}.Debug|Win32.ActiveCfg = Debug|Any CPU
		{FB9012EB-3838-4754-BAD8-B004AA468288}.Debug|Win32.Build.0 = Debug|Any CPU
		{FB9012EB-3838-4754-BAD8-B004AA468288}.Release|Any CPU.ActiveCfg = Release|Any CPU
		{FB9012EB-3838-4754-BAD8-B004AA468288}.Release|Any CPU.Build.0 = Release|Any CPU
		{FB9012EB-3838-4754-BAD8-B004AA468288}.Release|Mixed Platforms.ActiveCfg = Release|Any CPU
		{FB9012EB-3838-4754-BAD8-B004AA468288}.Release|Mixed Platforms.Build.0 = Release|Any CPU
		{FB9012EB-3838-4754-BAD8-B004AA468288}.Release|Win32.ActiveCfg = Release|Any CPU
		{FB9012EB-3838-4754-BAD8-B004AA468288}.Release|Win32.Build.0 = Release|Any CPU
		{4F8BB778-900C-4906-AF43-13FC617068D0}.Debug|Any CPU.ActiveCfg = Debug|Any CPU
		{4F8BB778-900C-4906-AF43-13FC617068D0}.Debug|Any CPU.Build.0 = Debug|Any CPU
		{4F8BB778-900C-4906-AF43-13FC617068D0}.Debug|Mixed Platforms.ActiveCfg = Debug|Any CPU
		{4F8BB778-900C-4906-AF43-13FC617068D0}.Debug|Mixed Platforms.Build.0 = Debug|Any CPU
		{4F8BB778-900C-4906-AF43-13FC617068D0}.Debug|Win32.ActiveCfg = Debug|Any CPU
		{4F8BB778-900C-4906-AF43-13FC617068D0}.Debug|Win32.Build.0 = Debug|Any CPU
		{4F8BB778-900C-4906-AF43-13FC617068D0}.Release|Any CPU.ActiveCfg = Release|Any CPU
		{4F8BB778-900C-4906-AF43-13FC617068D0}.Release|Any CPU.Build.0 = Release|Any CPU
		{4F8BB778-900C-4906-AF43-13FC617068D0}.Release|Mixed Platforms.ActiveCfg = Release|Any CPU
		{4F8BB778-900C-4906-AF43-13FC617068D0}.Release|Mixed Platforms.Build.0 = Release|Any CPU
		{4F8BB778-900C-4906-AF43-13FC617068D0}.Release|Win32.ActiveCfg = Release|Any CPU
		{4F8BB778-900C-4906-AF43-13FC617068D0}.Release|Win32.Build.0 = Release|Any CPU
		{8E9913FD-D864-4B03-8080-6494E7277362}.Debug|Any CPU.ActiveCfg = Debug|Any CPU
		{8E9913FD-D864-4B03-8080-6494E7277362}.Debug|Any CPU.Build.0 = Debug|Any CPU
		{8E9913FD-D864-4B03-8080-6494E7277362}.Debug|Mixed Platforms.ActiveCfg = Debug|Any CPU
		{8E9913FD-D864-4B03-8080-6494E7277362}.Debug|Mixed Platforms.Build.0 = Debug|Any CPU
		{8E9913FD-D864-4B03-8080-6494E7277362}.Debug|Win32.ActiveCfg = Debug|Any CPU
		{8E9913FD-D864-4B03-8080-6494E7277362}.Debug|Win32.Build.0 = Debug|Any CPU
		{8E9913FD-D864-4B03-8080-6494E7277362}.Release|Any CPU.ActiveCfg = Release|Any CPU
		{8E9913FD-D864-4B03-8080-6494E7277362}.Release|Any CPU.Build.0 = Release|Any CPU
		{8E9913FD-D864-4B03-8080-6494E7277362}.Release|Mixed Platforms.ActiveCfg = Release|Any CPU
		{8E9913FD-D864-4B03-8080-6494E7277362}.Release|Mixed Platforms.Build.0 = Release|Any CPU
		{8E9913FD-D864-4B03-8080-6494E7277362}.Release|Win32.ActiveCfg = Release|Any CPU
		{8E9913FD-D864-4B03-8080-6494E7277362}.Release|Win32.Build.0 = Release|Any CPU
		{2D78F9D8-9FA2-42FA-B875-22D83EE88F75}.Debug|Any CPU.ActiveCfg = Debug|Any CPU
		{2D78F9D8-9FA2-42FA-B875-22D83EE88F75}.Debug|Any CPU.Build.0 = Debug|Any CPU
		{2D78F9D8-9FA2-42FA-B875-22D83EE88F75}.Debug|Mixed Platforms.ActiveCfg = Debug|Any CPU
		{2D78F9D8-9FA2-42FA-B875-22D83EE88F75}.Debug|Mixed Platforms.Build.0 = Debug|Any CPU
		{2D78F9D8-9FA2-42FA-B875-22D83EE88F75}.Debug|Win32.ActiveCfg = Debug|Any CPU
		{2D78F9D8-9FA2-42FA-B875-22D83EE88F75}.Debug|Win32.Build.0 = Debug|Any CPU
		{2D78F9D8-9FA2-42FA-B875-22D83EE88F75}.Release|Any CPU.ActiveCfg = Release|Any CPU
		{2D78F9D8-9FA2-42FA-B875-22D83EE88F75}.Release|Any CPU.Build.0 = Release|Any CPU
		{2D78F9D8-9FA2-42FA-B875-22D83EE88F75}.Release|Mixed Platforms.ActiveCfg = Release|Any CPU
		{2D78F9D8-9FA2-42FA-B875-22D83EE88F75}.Release|Mixed Platforms.Build.0 = Release|Any CPU
		{2D78F9D8-9FA2-42FA-B875-22D83EE88F75}.Release|Win32.ActiveCfg = Release|Any CPU
		{2D78F9D8-9FA2-42FA-B875-22D83EE88F75}.Release|Win32.Build.0 = Release|Any CPU
		{758C0051-70E7-489B-BDE1-67A7EF8DE72B}.Debug|Any CPU.ActiveCfg = Debug|Any CPU
		{758C0051-70E7-489B-BDE1-67A7EF8DE72B}.Debug|Any CPU.Build.0 = Debug|Any CPU
		{758C0051-70E7-489B-BDE1-67A7EF8DE72B}.Debug|Mixed Platforms.ActiveCfg = Debug|Any CPU
		{758C0051-70E7-489B-BDE1-67A7EF8DE72B}.Debug|Mixed Platforms.Build.0 = Debug|Any CPU
		{758C0051-70E7-489B-BDE1-67A7EF8DE72B}.Debug|Win32.ActiveCfg = Debug|Any CPU
		{758C0051-70E7-489B-BDE1-67A7EF8DE72B}.Debug|Win32.Build.0 = Debug|Any CPU
		{758C0051-70E7-489B-BDE1-67A7EF8DE72B}.Release|Any CPU.ActiveCfg = Release|Any CPU
		{758C0051-70E7-489B-BDE1-67A7EF8DE72B}.Release|Any CPU.Build.0 = Release|Any CPU
		{758C0051-70E7-489B-BDE1-67A7EF8DE72B}.Release|Mixed Platforms.ActiveCfg = Release|Any CPU
		{758C0051-70E7-489B-BDE1-67A7EF8DE72B}.Release|Mixed Platforms.Build.0 = Release|Any CPU
		{758C0051-70E7-489B-BDE1-67A7EF8DE72B}.Release|Win32.ActiveCfg = Release|Any CPU
		{758C0051-70E7-489B-BDE1-67A7EF8DE72B}.Release|Win32.Build.0 = Release|Any CPU
		{47805C91-A245-4702-B142-2968E7F65B32}.Debug|Any CPU.ActiveCfg = Debug|Any CPU
		{47805C91-A245-4702-B142-2968E7F65B32}.Debug|Any CPU.Build.0 = Debug|Any CPU
		{47805C91-A245-4702-B142-2968E7F65B32}.Debug|Mixed Platforms.ActiveCfg = Debug|Any CPU
		{47805C91-A245-4702-B142-2968E7F65B32}.Debug|Mixed Platforms.Build.0 = Debug|Any CPU
		{47805C91-A245-4702-B142-2968E7F65B32}.Debug|Win32.ActiveCfg = Debug|Any CPU
		{47805C91-A245-4702-B142-2968E7F65B32}.Debug|Win32.Build.0 = Debug|Any CPU
		{47805C91-A245-4702-B142-2968E7F65B32}.Release|Any CPU.ActiveCfg = Release|Any CPU
		{47805C91-A245-4702-B142-2968E7F65B32}.Release|Any CPU.Build.0 = Release|Any CPU
		{47805C91-A245-4702-B142-2968E7F65B32}.Release|Mixed Platforms.ActiveCfg = Release|Any CPU
		{47805C91-A245-4702-B142-2968E7F65B32}.Release|Mixed Platforms.Build.0 = Release|Any CPU
		{47805C91-A245-4702-B142-2968E7F65B32}.Release|Win32.ActiveCfg = Release|Any CPU
		{47805C91-A245-4702-B142-2968E7F65B32}.Release|Win32.Build.0 = Release|Any CPU
		{E974AA83-F903-45CB-B255-75720098FF50}.Debug|Any CPU.ActiveCfg = Debug|Any CPU
		{E974AA83-F903-45CB-B255-75720098FF50}.Debug|Any CPU.Build.0 = Debug|Any CPU
		{E974AA83-F903-45CB-B255-75720098FF50}.Debug|Mixed Platforms.ActiveCfg = Debug|Any CPU
		{E974AA83-F903-45CB-B255-75720098FF50}.Debug|Mixed Platforms.Build.0 = Debug|Any CPU
		{E974AA83-F903-45CB-B255-75720098FF50}.Debug|Win32.ActiveCfg = Debug|Any CPU
		{E974AA83-F903-45CB-B255-75720098FF50}.Debug|Win32.Build.0 = Debug|Any CPU
		{E974AA83-F903-45CB-B255-75720098FF50}.Release|Any CPU.ActiveCfg = Release|Any CPU
		{E974AA83-F903-45CB-B255-75720098FF50}.Release|Any CPU.Build.0 = Release|Any CPU
		{E974AA83-F903-45CB-B255-75720098FF50}.Release|Mixed Platforms.ActiveCfg = Release|Any CPU
		{E974AA83-F903-45CB-B255-75720098FF50}.Release|Mixed Platforms.Build.0 = Release|Any CPU
		{E974AA83-F903-45CB-B255-75720098FF50}.Release|Win32.ActiveCfg = Release|Any CPU
		{E974AA83-F903-45CB-B255-75720098FF50}.Release|Win32.Build.0 = Release|Any CPU
	EndGlobalSection
	GlobalSection(SolutionProperties) = preSolution
		HideSolutionNode = FALSE
	EndGlobalSection
	GlobalSection(NestedProjects) = preSolution
		{77F00E04-F9BA-4C78-941A-7F8D5887F2A3} = {6DC55185-AAFA-4650-B064-CB04257109FE}
		{4142B4CF-D166-4E3F-BCDE-F21324797DE6} = {6DC55185-AAFA-4650-B064-CB04257109FE}
		{E1EE08A1-6EA8-4E29-8243-7BDDD425400F} = {6DC55185-AAFA-4650-B064-CB04257109FE}
		{4DA04B75-FCD5-4A2E-8469-410F14E24870} = {0F24BC06-D961-4A3F-9EFD-1B4A96688425}
		{E2294E62-D74E-4FCB-84CF-7E454079C1CD} = {0F24BC06-D961-4A3F-9EFD-1B4A96688425}
		{52F7916C-2336-45BD-997F-E65B109B1E3D} = {6D2BFABF-B635-44CE-B8D1-535521B1174C}
		{FB9012EB-3838-4754-BAD8-B004AA468288} = {8BF92AD4-B028-49F4-8BB3-26FDAFE7298A}
		{4F8BB778-900C-4906-AF43-13FC617068D0} = {5681CC39-9FAB-4A2F-935B-3BE870EB18B6}
		{8E9913FD-D864-4B03-8080-6494E7277362} = {5681CC39-9FAB-4A2F-935B-3BE870EB18B6}
		{2D78F9D8-9FA2-42FA-B875-22D83EE88F75} = {6DC55185-AAFA-4650-B064-CB04257109FE}
		{47805C91-A245-4702-B142-2968E7F65B32} = {5681CC39-9FAB-4A2F-935B-3BE870EB18B6}
		{E974AA83-F903-45CB-B255-75720098FF50} = {5681CC39-9FAB-4A2F-935B-3BE870EB18B6}
	EndGlobalSection
EndGlobal
