
Microsoft Visual Studio Solution File, Format Version 12.00
# Visual Studio 15
VisualStudioVersion = 15.0.26430.14
MinimumVisualStudioVersion = 10.0.40219.1
Project("{FAE04EC0-301F-11D3-BF4B-00C04F79EFBC}") = "Shaman.Router", "Shaman.Server\Servers\Shaman.Router\Shaman.Router.csproj", "{4142B4CF-D166-4E3F-BCDE-F21324797DE6}"
EndProject
Project("{FAE04EC0-301F-11D3-BF4B-00C04F79EFBC}") = "Shaman.DAL", "Shaman.Server\Database\Shaman.DAL\Shaman.DAL.csproj", "{E1EE08A1-6EA8-4E29-8243-7BDDD425400F}"
EndProject
Project("{2150E333-8FDC-42A3-9474-1A3956D46DE8}") = "Clients", "Clients", "{6D2BFABF-B635-44CE-B8D1-535521B1174C}"
EndProject
Project("{2150E333-8FDC-42A3-9474-1A3956D46DE8}") = "Servers", "Servers", "{5681CC39-9FAB-4A2F-935B-3BE870EB18B6}"
EndProject
Project("{2150E333-8FDC-42A3-9474-1A3956D46DE8}") = "Common", "Common", "{0F24BC06-D961-4A3F-9EFD-1B4A96688425}"
EndProject
Project("{2150E333-8FDC-42A3-9474-1A3956D46DE8}") = "Network", "Network", "{8BF92AD4-B028-49F4-8BB3-26FDAFE7298A}"
EndProject
Project("{FAE04EC0-301F-11D3-BF4B-00C04F79EFBC}") = "Shaman.Common.Server", "Shaman.Server\Common\Shaman.Common.Server\Shaman.Common.Server.csproj", "{4DA04B75-FCD5-4A2E-8469-410F14E24870}"
EndProject
Project("{FAE04EC0-301F-11D3-BF4B-00C04F79EFBC}") = "Shaman.Common.Utils", "Shaman.Server\Common\Shaman.Common.Utils\Shaman.Common.Utils.csproj", "{E2294E62-D74E-4FCB-84CF-7E454079C1CD}"
EndProject
Project("{FAE04EC0-301F-11D3-BF4B-00C04F79EFBC}") = "Shaman.Client", "Shaman.Server\Clients\Shaman.Client\Shaman.Client.csproj", "{52F7916C-2336-45BD-997F-E65B109B1E3D}"
EndProject
Project("{FAE04EC0-301F-11D3-BF4B-00C04F79EFBC}") = "Shaman.Messages", "Shaman.Server\Messages\Shaman.Messages\Shaman.Messages.csproj", "{188691B8-9FCB-4B5C-B163-B2DA10F8BCC2}"
EndProject
Project("{FAE04EC0-301F-11D3-BF4B-00C04F79EFBC}") = "Shaman.Game", "Shaman.Server\Servers\Shaman.Game\Shaman.Game.csproj", "{4F8BB778-900C-4906-AF43-13FC617068D0}"
EndProject
Project("{FAE04EC0-301F-11D3-BF4B-00C04F79EFBC}") = "Shaman.MM", "Shaman.Server\Servers\Shaman.MM\Shaman.MM.csproj", "{8E9913FD-D864-4B03-8080-6494E7277362}"
EndProject
Project("{FAE04EC0-301F-11D3-BF4B-00C04F79EFBC}") = "Shaman.Tests", "Shaman.Server\Tests\Shaman.Tests\Shaman.Tests.csproj", "{47805C91-A245-4702-B142-2968E7F65B32}"
EndProject
Project("{FAE04EC0-301F-11D3-BF4B-00C04F79EFBC}") = "Shaman.ServerSharedUtilities", "Shaman.Server\Servers\Shaman.ServerSharedUtilities\Shaman.ServerSharedUtilities.csproj", "{E974AA83-F903-45CB-B255-75720098FF50}"
EndProject
Project("{2150E333-8FDC-42A3-9474-1A3956D46DE8}") = "SolutionItems", "SolutionItems", "{41E076DA-AB3A-4574-9D14-BC883159B60D}"
ProjectSection(SolutionItems) = preProject
	Shaman.Server\SolutionItems\db_all.sql = Shaman.Server\SolutionItems\db_all.sql
	Shaman.Server\SolutionItems\Dockerfile.Mysql = Shaman.Server\SolutionItems\Dockerfile.Mysql
	Shaman.Server\SolutionItems\docker-compose.yml = Shaman.Server\SolutionItems\docker-compose.yml
EndProjectSection
EndProject
Project("{2150E333-8FDC-42A3-9474-1A3956D46DE8}") = "Messages", "Messages", "{D997037A-8C67-4E13-84DB-79E586A39F96}"
EndProject
Project("{2150E333-8FDC-42A3-9474-1A3956D46DE8}") = "Database", "Database", "{A491A8CA-15CB-4741-9356-D9378A3AD48E}"
EndProject
Project("{2150E333-8FDC-42A3-9474-1A3956D46DE8}") = "Tests", "Tests", "{3A4DE7F7-1B80-4C8D-9175-A2CED54DA593}"
EndProject
Project("{FAE04EC0-301F-11D3-BF4B-00C04F79EFBC}") = "Shaman.LiteNetLibAdapter", "Shaman.Server\Network\Shaman.LiteNetLibAdapter\Shaman.LiteNetLibAdapter.csproj", "{96F15CC5-784E-440F-9DAF-94BCDE2CF141}"
EndProject
Project("{FAE04EC0-301F-11D3-BF4B-00C04F79EFBC}") = "Shaman.Common.Utils.Tests", "Shaman.Server\Common\Shaman.Common.Utils.Tests\Shaman.Common.Utils.Tests.csproj", "{9954696A-2666-4BA4-A376-0AAA115ECC0C}"
EndProject
Project("{FAE04EC0-301F-11D3-BF4B-00C04F79EFBC}") = "Shaman.Messages.Tests", "Shaman.Server\Messages\Shaman.Messages.Tests\Shaman.Messages.Tests.csproj", "{F6404230-1226-4D81-9751-D2E49EA4A1CC}"
EndProject
Project("{FAE04EC0-301F-11D3-BF4B-00C04F79EFBC}") = "Shaman.Common.Metrics", "Shaman.Server\Common\Shaman.Common.Metrics\Shaman.Common.Metrics.csproj", "{558E206A-F106-4E80-930C-96C0A837045D}"
EndProject
Project("{FAE04EC0-301F-11D3-BF4B-00C04F79EFBC}") = "Shaman.Common.Metrics.Tests", "Shaman.Server\Common\Shaman.Common.Metrics.Tests\Shaman.Common.Metrics.Tests.csproj", "{4D7884FC-EC3B-4BA2-AAD0-8B7E511A1552}"
EndProject
Project("{FAE04EC0-301F-11D3-BF4B-00C04F79EFBC}") = "Shaman.Common.Server.Tests", "Shaman.Server\Common\Shaman.Common.Server.Tests\Shaman.Common.Server.Tests.csproj", "{342FCEB2-A0D4-4057-BF79-F5BE1FC665E7}"
EndProject
Project("{FAE04EC0-301F-11D3-BF4B-00C04F79EFBC}") = "Shaman.TestTools", "Shaman.Server\Tests\Shaman.TestTools\Shaman.TestTools.csproj", "{2DA4E6D3-9247-4EBA-AF00-717490B65FED}"
EndProject
Project("{FAE04EC0-301F-11D3-BF4B-00C04F79EFBC}") = "Shaman.Game.Contract", "Shaman.Server\Common\Shaman.Game.Contract\Shaman.Game.Contract.csproj", "{72CB7E9B-FCCE-4DDC-9ACD-0AFE8F18F7E7}"
EndProject
Project("{FAE04EC0-301F-11D3-BF4B-00C04F79EFBC}") = "Shaman.MM.Contract", "Shaman.Server\Common\Shaman.MM.Contract\Shaman.MM.Contract.csproj", "{53AEAC24-25D2-483B-AAA0-9920F3D971E0}"
EndProject
Project("{FAE04EC0-301F-11D3-BF4B-00C04F79EFBC}") = "Shaman.LocalBundleLauncher", "Shaman.Server\Servers\Shaman.LocalBundleLauncher\Shaman.LocalBundleLauncher.csproj", "{A6C6B4C2-B5FD-41BB-8B94-D50DC4C70772}"
EndProject
Project("{FAE04EC0-301F-11D3-BF4B-00C04F79EFBC}") = "Shaman.ServerSharedUtilities.Tests", "Shaman.Server\Servers\Shaman.ServerSharedUtilities.Tests\Shaman.ServerSharedUtilities.Tests.csproj", "{5126F62C-1387-4F82-BE3B-FD2BD6F180C5}"
EndProject
Project("{FAE04EC0-301F-11D3-BF4B-00C04F79EFBC}") = "Shaman.Router.Tests", "Shaman.Server\Tests\Shaman.Router.Tests\Shaman.Router.Tests.csproj", "{4915D93B-9991-4818-A9BB-23FB3B3B8D75}"
EndProject
Project("{FAE04EC0-301F-11D3-BF4B-00C04F79EFBC}") = "Shaman.Game.Contract.DI", "Shaman.Server\Common\Shaman.Game.Contract.DI\Shaman.Game.Contract.DI.csproj", "{00688245-3161-44F2-A72F-1EFA33FA5BE1}"
EndProject
Project("{FAE04EC0-301F-11D3-BF4B-00C04F79EFBC}") = "Shaman.MM.Tests", "Shaman.MM.Tests\Shaman.MM.Tests.csproj", "{DE548A44-28DA-4AF1-B6BB-2C24F0D77DD8}"
EndProject
Project("{FAE04EC0-301F-11D3-BF4B-00C04F79EFBC}") = "Shaman.Game.Tests", "Shaman.Server\Servers\Shaman.Game.Tests\Shaman.Game.Tests.csproj", "{9299C868-D953-42BF-B296-BA6C89909C57}"
EndProject
Project("{FAE04EC0-301F-11D3-BF4B-00C04F79EFBC}") = "Shaman.Monkeys", "Shaman.Server\Tests\Shaman.Monkeys\Shaman.Monkeys.csproj", "{F0CCAFC4-109E-45EB-B8C2-F36F80931096}"
EndProject
Project("{FAE04EC0-301F-11D3-BF4B-00C04F79EFBC}") = "Shaman.SyncedRepositories", "Shaman.Server\Common\Shaman.SyncedRepositories\Shaman.SyncedRepositories.csproj", "{ECB0F723-FD79-4AD5-BBDD-2A2407C2FA15}"
EndProject
Project("{FAE04EC0-301F-11D3-BF4B-00C04F79EFBC}") = "Shaman.DAL.MongoDb", "Shaman.Server\Database\Shaman.DAL.MongoDb\Shaman.DAL.MongoDb.csproj", "{7C6833AA-010D-4A6F-9EFA-5E838F9CEE4D}"
EndProject
Project("{FAE04EC0-301F-11D3-BF4B-00C04F79EFBC}") = "Shaman.DAL.MongoDb.Tests", "Shaman.Server\Tests\Shaman.DAL.MongoDb.Tests\Shaman.DAL.MongoDb.Tests.csproj", "{8080CAC9-A80C-4DC3-80E9-DF5894A53CD7}"
EndProject
Project("{FAE04EC0-301F-11D3-BF4B-00C04F79EFBC}") = "Shaman.Common.Contract", "Shaman.Server\Common\Shaman.Common.Contract\Shaman.Common.Contract.csproj", "{ABA24325-6F38-4309-8824-39E94DB2EFA8}"
EndProject
Global
	GlobalSection(SolutionConfigurationPlatforms) = preSolution
		Debug|Any CPU = Debug|Any CPU
		Debug|Mixed Platforms = Debug|Mixed Platforms
		Debug|Win32 = Debug|Win32
		Release|Any CPU = Release|Any CPU
		Release|Mixed Platforms = Release|Mixed Platforms
		Release|Win32 = Release|Win32
	EndGlobalSection
	GlobalSection(ProjectConfigurationPlatforms) = postSolution
		{ADD315C4-887B-4353-92A9-AFC6D8D8065C}.Debug|Any CPU.ActiveCfg = Debug|Any CPU
		{ADD315C4-887B-4353-92A9-AFC6D8D8065C}.Debug|Any CPU.Build.0 = Debug|Any CPU
		{ADD315C4-887B-4353-92A9-AFC6D8D8065C}.Debug|Mixed Platforms.ActiveCfg = Debug|Any CPU
		{ADD315C4-887B-4353-92A9-AFC6D8D8065C}.Debug|Mixed Platforms.Build.0 = Debug|Any CPU
		{ADD315C4-887B-4353-92A9-AFC6D8D8065C}.Debug|Win32.ActiveCfg = Debug|Any CPU
		{ADD315C4-887B-4353-92A9-AFC6D8D8065C}.Debug|Win32.Build.0 = Debug|Any CPU
		{ADD315C4-887B-4353-92A9-AFC6D8D8065C}.Release|Any CPU.ActiveCfg = Release|Any CPU
		{ADD315C4-887B-4353-92A9-AFC6D8D8065C}.Release|Any CPU.Build.0 = Release|Any CPU
		{ADD315C4-887B-4353-92A9-AFC6D8D8065C}.Release|Mixed Platforms.ActiveCfg = Release|Any CPU
		{ADD315C4-887B-4353-92A9-AFC6D8D8065C}.Release|Mixed Platforms.Build.0 = Release|Any CPU
		{ADD315C4-887B-4353-92A9-AFC6D8D8065C}.Release|Win32.ActiveCfg = Release|Any CPU
		{ADD315C4-887B-4353-92A9-AFC6D8D8065C}.Release|Win32.Build.0 = Release|Any CPU
		{4142B4CF-D166-4E3F-BCDE-F21324797DE6}.Debug|Any CPU.ActiveCfg = Debug|Any CPU
		{4142B4CF-D166-4E3F-BCDE-F21324797DE6}.Debug|Any CPU.Build.0 = Debug|Any CPU
		{4142B4CF-D166-4E3F-BCDE-F21324797DE6}.Debug|Mixed Platforms.ActiveCfg = Debug|Any CPU
		{4142B4CF-D166-4E3F-BCDE-F21324797DE6}.Debug|Mixed Platforms.Build.0 = Debug|Any CPU
		{4142B4CF-D166-4E3F-BCDE-F21324797DE6}.Debug|Win32.ActiveCfg = Debug|Any CPU
		{4142B4CF-D166-4E3F-BCDE-F21324797DE6}.Debug|Win32.Build.0 = Debug|Any CPU
		{4142B4CF-D166-4E3F-BCDE-F21324797DE6}.Release|Any CPU.ActiveCfg = Release|Any CPU
		{4142B4CF-D166-4E3F-BCDE-F21324797DE6}.Release|Any CPU.Build.0 = Release|Any CPU
		{4142B4CF-D166-4E3F-BCDE-F21324797DE6}.Release|Mixed Platforms.ActiveCfg = Release|Any CPU
		{4142B4CF-D166-4E3F-BCDE-F21324797DE6}.Release|Mixed Platforms.Build.0 = Release|Any CPU
		{4142B4CF-D166-4E3F-BCDE-F21324797DE6}.Release|Win32.ActiveCfg = Release|Any CPU
		{4142B4CF-D166-4E3F-BCDE-F21324797DE6}.Release|Win32.Build.0 = Release|Any CPU
		{E1EE08A1-6EA8-4E29-8243-7BDDD425400F}.Debug|Any CPU.ActiveCfg = Debug|Any CPU
		{E1EE08A1-6EA8-4E29-8243-7BDDD425400F}.Debug|Any CPU.Build.0 = Debug|Any CPU
		{E1EE08A1-6EA8-4E29-8243-7BDDD425400F}.Debug|Mixed Platforms.ActiveCfg = Debug|Any CPU
		{E1EE08A1-6EA8-4E29-8243-7BDDD425400F}.Debug|Mixed Platforms.Build.0 = Debug|Any CPU
		{E1EE08A1-6EA8-4E29-8243-7BDDD425400F}.Debug|Win32.ActiveCfg = Debug|Any CPU
		{E1EE08A1-6EA8-4E29-8243-7BDDD425400F}.Debug|Win32.Build.0 = Debug|Any CPU
		{E1EE08A1-6EA8-4E29-8243-7BDDD425400F}.Release|Any CPU.ActiveCfg = Release|Any CPU
		{E1EE08A1-6EA8-4E29-8243-7BDDD425400F}.Release|Any CPU.Build.0 = Release|Any CPU
		{E1EE08A1-6EA8-4E29-8243-7BDDD425400F}.Release|Mixed Platforms.ActiveCfg = Release|Any CPU
		{E1EE08A1-6EA8-4E29-8243-7BDDD425400F}.Release|Mixed Platforms.Build.0 = Release|Any CPU
		{E1EE08A1-6EA8-4E29-8243-7BDDD425400F}.Release|Win32.ActiveCfg = Release|Any CPU
		{E1EE08A1-6EA8-4E29-8243-7BDDD425400F}.Release|Win32.Build.0 = Release|Any CPU
		{4DA04B75-FCD5-4A2E-8469-410F14E24870}.Debug|Any CPU.ActiveCfg = Debug|Any CPU
		{4DA04B75-FCD5-4A2E-8469-410F14E24870}.Debug|Any CPU.Build.0 = Debug|Any CPU
		{4DA04B75-FCD5-4A2E-8469-410F14E24870}.Debug|Mixed Platforms.ActiveCfg = Debug|Any CPU
		{4DA04B75-FCD5-4A2E-8469-410F14E24870}.Debug|Mixed Platforms.Build.0 = Debug|Any CPU
		{4DA04B75-FCD5-4A2E-8469-410F14E24870}.Debug|Win32.ActiveCfg = Debug|Any CPU
		{4DA04B75-FCD5-4A2E-8469-410F14E24870}.Debug|Win32.Build.0 = Debug|Any CPU
		{4DA04B75-FCD5-4A2E-8469-410F14E24870}.Release|Any CPU.ActiveCfg = Release|Any CPU
		{4DA04B75-FCD5-4A2E-8469-410F14E24870}.Release|Any CPU.Build.0 = Release|Any CPU
		{4DA04B75-FCD5-4A2E-8469-410F14E24870}.Release|Mixed Platforms.ActiveCfg = Release|Any CPU
		{4DA04B75-FCD5-4A2E-8469-410F14E24870}.Release|Mixed Platforms.Build.0 = Release|Any CPU
		{4DA04B75-FCD5-4A2E-8469-410F14E24870}.Release|Win32.ActiveCfg = Release|Any CPU
		{4DA04B75-FCD5-4A2E-8469-410F14E24870}.Release|Win32.Build.0 = Release|Any CPU
		{E2294E62-D74E-4FCB-84CF-7E454079C1CD}.Debug|Any CPU.ActiveCfg = Debug|Any CPU
		{E2294E62-D74E-4FCB-84CF-7E454079C1CD}.Debug|Any CPU.Build.0 = Debug|Any CPU
		{E2294E62-D74E-4FCB-84CF-7E454079C1CD}.Debug|Mixed Platforms.ActiveCfg = Debug|Any CPU
		{E2294E62-D74E-4FCB-84CF-7E454079C1CD}.Debug|Mixed Platforms.Build.0 = Debug|Any CPU
		{E2294E62-D74E-4FCB-84CF-7E454079C1CD}.Debug|Win32.ActiveCfg = Debug|Any CPU
		{E2294E62-D74E-4FCB-84CF-7E454079C1CD}.Debug|Win32.Build.0 = Debug|Any CPU
		{E2294E62-D74E-4FCB-84CF-7E454079C1CD}.Release|Any CPU.ActiveCfg = Release|Any CPU
		{E2294E62-D74E-4FCB-84CF-7E454079C1CD}.Release|Any CPU.Build.0 = Release|Any CPU
		{E2294E62-D74E-4FCB-84CF-7E454079C1CD}.Release|Mixed Platforms.ActiveCfg = Release|Any CPU
		{E2294E62-D74E-4FCB-84CF-7E454079C1CD}.Release|Mixed Platforms.Build.0 = Release|Any CPU
		{E2294E62-D74E-4FCB-84CF-7E454079C1CD}.Release|Win32.ActiveCfg = Release|Any CPU
		{E2294E62-D74E-4FCB-84CF-7E454079C1CD}.Release|Win32.Build.0 = Release|Any CPU
		{52F7916C-2336-45BD-997F-E65B109B1E3D}.Debug|Any CPU.ActiveCfg = Debug|Any CPU
		{52F7916C-2336-45BD-997F-E65B109B1E3D}.Debug|Any CPU.Build.0 = Debug|Any CPU
		{52F7916C-2336-45BD-997F-E65B109B1E3D}.Debug|Mixed Platforms.ActiveCfg = Debug|Any CPU
		{52F7916C-2336-45BD-997F-E65B109B1E3D}.Debug|Mixed Platforms.Build.0 = Debug|Any CPU
		{52F7916C-2336-45BD-997F-E65B109B1E3D}.Debug|Win32.ActiveCfg = Debug|Any CPU
		{52F7916C-2336-45BD-997F-E65B109B1E3D}.Debug|Win32.Build.0 = Debug|Any CPU
		{52F7916C-2336-45BD-997F-E65B109B1E3D}.Release|Any CPU.ActiveCfg = Release|Any CPU
		{52F7916C-2336-45BD-997F-E65B109B1E3D}.Release|Any CPU.Build.0 = Release|Any CPU
		{52F7916C-2336-45BD-997F-E65B109B1E3D}.Release|Mixed Platforms.ActiveCfg = Release|Any CPU
		{52F7916C-2336-45BD-997F-E65B109B1E3D}.Release|Mixed Platforms.Build.0 = Release|Any CPU
		{52F7916C-2336-45BD-997F-E65B109B1E3D}.Release|Win32.ActiveCfg = Release|Any CPU
		{52F7916C-2336-45BD-997F-E65B109B1E3D}.Release|Win32.Build.0 = Release|Any CPU
		{188691B8-9FCB-4B5C-B163-B2DA10F8BCC2}.Debug|Any CPU.ActiveCfg = Debug|Any CPU
		{188691B8-9FCB-4B5C-B163-B2DA10F8BCC2}.Debug|Any CPU.Build.0 = Debug|Any CPU
		{188691B8-9FCB-4B5C-B163-B2DA10F8BCC2}.Debug|Mixed Platforms.ActiveCfg = Debug|Any CPU
		{188691B8-9FCB-4B5C-B163-B2DA10F8BCC2}.Debug|Mixed Platforms.Build.0 = Debug|Any CPU
		{188691B8-9FCB-4B5C-B163-B2DA10F8BCC2}.Debug|Win32.ActiveCfg = Debug|Any CPU
		{188691B8-9FCB-4B5C-B163-B2DA10F8BCC2}.Debug|Win32.Build.0 = Debug|Any CPU
		{188691B8-9FCB-4B5C-B163-B2DA10F8BCC2}.Release|Any CPU.ActiveCfg = Release|Any CPU
		{188691B8-9FCB-4B5C-B163-B2DA10F8BCC2}.Release|Any CPU.Build.0 = Release|Any CPU
		{188691B8-9FCB-4B5C-B163-B2DA10F8BCC2}.Release|Mixed Platforms.ActiveCfg = Release|Any CPU
		{188691B8-9FCB-4B5C-B163-B2DA10F8BCC2}.Release|Mixed Platforms.Build.0 = Release|Any CPU
		{188691B8-9FCB-4B5C-B163-B2DA10F8BCC2}.Release|Win32.ActiveCfg = Release|Any CPU
		{188691B8-9FCB-4B5C-B163-B2DA10F8BCC2}.Release|Win32.Build.0 = Release|Any CPU
		{4F8BB778-900C-4906-AF43-13FC617068D0}.Debug|Any CPU.ActiveCfg = Debug|Any CPU
		{4F8BB778-900C-4906-AF43-13FC617068D0}.Debug|Any CPU.Build.0 = Debug|Any CPU
		{4F8BB778-900C-4906-AF43-13FC617068D0}.Debug|Mixed Platforms.ActiveCfg = Debug|Any CPU
		{4F8BB778-900C-4906-AF43-13FC617068D0}.Debug|Mixed Platforms.Build.0 = Debug|Any CPU
		{4F8BB778-900C-4906-AF43-13FC617068D0}.Debug|Win32.ActiveCfg = Debug|Any CPU
		{4F8BB778-900C-4906-AF43-13FC617068D0}.Debug|Win32.Build.0 = Debug|Any CPU
		{4F8BB778-900C-4906-AF43-13FC617068D0}.Release|Any CPU.ActiveCfg = Release|Any CPU
		{4F8BB778-900C-4906-AF43-13FC617068D0}.Release|Any CPU.Build.0 = Release|Any CPU
		{4F8BB778-900C-4906-AF43-13FC617068D0}.Release|Mixed Platforms.ActiveCfg = Release|Any CPU
		{4F8BB778-900C-4906-AF43-13FC617068D0}.Release|Mixed Platforms.Build.0 = Release|Any CPU
		{4F8BB778-900C-4906-AF43-13FC617068D0}.Release|Win32.ActiveCfg = Release|Any CPU
		{4F8BB778-900C-4906-AF43-13FC617068D0}.Release|Win32.Build.0 = Release|Any CPU
		{8E9913FD-D864-4B03-8080-6494E7277362}.Debug|Any CPU.ActiveCfg = Debug|Any CPU
		{8E9913FD-D864-4B03-8080-6494E7277362}.Debug|Any CPU.Build.0 = Debug|Any CPU
		{8E9913FD-D864-4B03-8080-6494E7277362}.Debug|Mixed Platforms.ActiveCfg = Debug|Any CPU
		{8E9913FD-D864-4B03-8080-6494E7277362}.Debug|Mixed Platforms.Build.0 = Debug|Any CPU
		{8E9913FD-D864-4B03-8080-6494E7277362}.Debug|Win32.ActiveCfg = Debug|Any CPU
		{8E9913FD-D864-4B03-8080-6494E7277362}.Debug|Win32.Build.0 = Debug|Any CPU
		{8E9913FD-D864-4B03-8080-6494E7277362}.Release|Any CPU.ActiveCfg = Release|Any CPU
		{8E9913FD-D864-4B03-8080-6494E7277362}.Release|Any CPU.Build.0 = Release|Any CPU
		{8E9913FD-D864-4B03-8080-6494E7277362}.Release|Mixed Platforms.ActiveCfg = Release|Any CPU
		{8E9913FD-D864-4B03-8080-6494E7277362}.Release|Mixed Platforms.Build.0 = Release|Any CPU
		{8E9913FD-D864-4B03-8080-6494E7277362}.Release|Win32.ActiveCfg = Release|Any CPU
		{8E9913FD-D864-4B03-8080-6494E7277362}.Release|Win32.Build.0 = Release|Any CPU
		{758C0051-70E7-489B-BDE1-67A7EF8DE72B}.Debug|Any CPU.ActiveCfg = Debug|Any CPU
		{758C0051-70E7-489B-BDE1-67A7EF8DE72B}.Debug|Any CPU.Build.0 = Debug|Any CPU
		{758C0051-70E7-489B-BDE1-67A7EF8DE72B}.Debug|Mixed Platforms.ActiveCfg = Debug|Any CPU
		{758C0051-70E7-489B-BDE1-67A7EF8DE72B}.Debug|Mixed Platforms.Build.0 = Debug|Any CPU
		{758C0051-70E7-489B-BDE1-67A7EF8DE72B}.Debug|Win32.ActiveCfg = Debug|Any CPU
		{758C0051-70E7-489B-BDE1-67A7EF8DE72B}.Debug|Win32.Build.0 = Debug|Any CPU
		{758C0051-70E7-489B-BDE1-67A7EF8DE72B}.Release|Any CPU.ActiveCfg = Release|Any CPU
		{758C0051-70E7-489B-BDE1-67A7EF8DE72B}.Release|Any CPU.Build.0 = Release|Any CPU
		{758C0051-70E7-489B-BDE1-67A7EF8DE72B}.Release|Mixed Platforms.ActiveCfg = Release|Any CPU
		{758C0051-70E7-489B-BDE1-67A7EF8DE72B}.Release|Mixed Platforms.Build.0 = Release|Any CPU
		{758C0051-70E7-489B-BDE1-67A7EF8DE72B}.Release|Win32.ActiveCfg = Release|Any CPU
		{758C0051-70E7-489B-BDE1-67A7EF8DE72B}.Release|Win32.Build.0 = Release|Any CPU
		{47805C91-A245-4702-B142-2968E7F65B32}.Debug|Any CPU.ActiveCfg = Debug|Any CPU
		{47805C91-A245-4702-B142-2968E7F65B32}.Debug|Any CPU.Build.0 = Debug|Any CPU
		{47805C91-A245-4702-B142-2968E7F65B32}.Debug|Mixed Platforms.ActiveCfg = Debug|Any CPU
		{47805C91-A245-4702-B142-2968E7F65B32}.Debug|Mixed Platforms.Build.0 = Debug|Any CPU
		{47805C91-A245-4702-B142-2968E7F65B32}.Debug|Win32.ActiveCfg = Debug|Any CPU
		{47805C91-A245-4702-B142-2968E7F65B32}.Debug|Win32.Build.0 = Debug|Any CPU
		{47805C91-A245-4702-B142-2968E7F65B32}.Release|Any CPU.ActiveCfg = Release|Any CPU
		{47805C91-A245-4702-B142-2968E7F65B32}.Release|Any CPU.Build.0 = Release|Any CPU
		{47805C91-A245-4702-B142-2968E7F65B32}.Release|Mixed Platforms.ActiveCfg = Release|Any CPU
		{47805C91-A245-4702-B142-2968E7F65B32}.Release|Mixed Platforms.Build.0 = Release|Any CPU
		{47805C91-A245-4702-B142-2968E7F65B32}.Release|Win32.ActiveCfg = Release|Any CPU
		{47805C91-A245-4702-B142-2968E7F65B32}.Release|Win32.Build.0 = Release|Any CPU
		{E974AA83-F903-45CB-B255-75720098FF50}.Debug|Any CPU.ActiveCfg = Debug|Any CPU
		{E974AA83-F903-45CB-B255-75720098FF50}.Debug|Any CPU.Build.0 = Debug|Any CPU
		{E974AA83-F903-45CB-B255-75720098FF50}.Debug|Mixed Platforms.ActiveCfg = Debug|Any CPU
		{E974AA83-F903-45CB-B255-75720098FF50}.Debug|Mixed Platforms.Build.0 = Debug|Any CPU
		{E974AA83-F903-45CB-B255-75720098FF50}.Debug|Win32.ActiveCfg = Debug|Any CPU
		{E974AA83-F903-45CB-B255-75720098FF50}.Debug|Win32.Build.0 = Debug|Any CPU
		{E974AA83-F903-45CB-B255-75720098FF50}.Release|Any CPU.ActiveCfg = Release|Any CPU
		{E974AA83-F903-45CB-B255-75720098FF50}.Release|Any CPU.Build.0 = Release|Any CPU
		{E974AA83-F903-45CB-B255-75720098FF50}.Release|Mixed Platforms.ActiveCfg = Release|Any CPU
		{E974AA83-F903-45CB-B255-75720098FF50}.Release|Mixed Platforms.Build.0 = Release|Any CPU
		{E974AA83-F903-45CB-B255-75720098FF50}.Release|Win32.ActiveCfg = Release|Any CPU
		{E974AA83-F903-45CB-B255-75720098FF50}.Release|Win32.Build.0 = Release|Any CPU
		{96F15CC5-784E-440F-9DAF-94BCDE2CF141}.Debug|Any CPU.ActiveCfg = Debug|Any CPU
		{96F15CC5-784E-440F-9DAF-94BCDE2CF141}.Debug|Any CPU.Build.0 = Debug|Any CPU
		{96F15CC5-784E-440F-9DAF-94BCDE2CF141}.Debug|Mixed Platforms.ActiveCfg = Debug|Any CPU
		{96F15CC5-784E-440F-9DAF-94BCDE2CF141}.Debug|Mixed Platforms.Build.0 = Debug|Any CPU
		{96F15CC5-784E-440F-9DAF-94BCDE2CF141}.Debug|Win32.ActiveCfg = Debug|Any CPU
		{96F15CC5-784E-440F-9DAF-94BCDE2CF141}.Debug|Win32.Build.0 = Debug|Any CPU
		{96F15CC5-784E-440F-9DAF-94BCDE2CF141}.Release|Any CPU.ActiveCfg = Release|Any CPU
		{96F15CC5-784E-440F-9DAF-94BCDE2CF141}.Release|Any CPU.Build.0 = Release|Any CPU
		{96F15CC5-784E-440F-9DAF-94BCDE2CF141}.Release|Mixed Platforms.ActiveCfg = Release|Any CPU
		{96F15CC5-784E-440F-9DAF-94BCDE2CF141}.Release|Mixed Platforms.Build.0 = Release|Any CPU
		{96F15CC5-784E-440F-9DAF-94BCDE2CF141}.Release|Win32.ActiveCfg = Release|Any CPU
		{96F15CC5-784E-440F-9DAF-94BCDE2CF141}.Release|Win32.Build.0 = Release|Any CPU
		{9954696A-2666-4BA4-A376-0AAA115ECC0C}.Debug|Any CPU.ActiveCfg = Debug|Any CPU
		{9954696A-2666-4BA4-A376-0AAA115ECC0C}.Debug|Any CPU.Build.0 = Debug|Any CPU
		{9954696A-2666-4BA4-A376-0AAA115ECC0C}.Debug|Mixed Platforms.ActiveCfg = Debug|Any CPU
		{9954696A-2666-4BA4-A376-0AAA115ECC0C}.Debug|Mixed Platforms.Build.0 = Debug|Any CPU
		{9954696A-2666-4BA4-A376-0AAA115ECC0C}.Debug|Win32.ActiveCfg = Debug|Any CPU
		{9954696A-2666-4BA4-A376-0AAA115ECC0C}.Debug|Win32.Build.0 = Debug|Any CPU
		{9954696A-2666-4BA4-A376-0AAA115ECC0C}.Release|Any CPU.ActiveCfg = Release|Any CPU
		{9954696A-2666-4BA4-A376-0AAA115ECC0C}.Release|Any CPU.Build.0 = Release|Any CPU
		{9954696A-2666-4BA4-A376-0AAA115ECC0C}.Release|Mixed Platforms.ActiveCfg = Release|Any CPU
		{9954696A-2666-4BA4-A376-0AAA115ECC0C}.Release|Mixed Platforms.Build.0 = Release|Any CPU
		{9954696A-2666-4BA4-A376-0AAA115ECC0C}.Release|Win32.ActiveCfg = Release|Any CPU
		{9954696A-2666-4BA4-A376-0AAA115ECC0C}.Release|Win32.Build.0 = Release|Any CPU
		{F6404230-1226-4D81-9751-D2E49EA4A1CC}.Debug|Any CPU.ActiveCfg = Debug|Any CPU
		{F6404230-1226-4D81-9751-D2E49EA4A1CC}.Debug|Any CPU.Build.0 = Debug|Any CPU
		{F6404230-1226-4D81-9751-D2E49EA4A1CC}.Debug|Mixed Platforms.ActiveCfg = Debug|Any CPU
		{F6404230-1226-4D81-9751-D2E49EA4A1CC}.Debug|Mixed Platforms.Build.0 = Debug|Any CPU
		{F6404230-1226-4D81-9751-D2E49EA4A1CC}.Debug|Win32.ActiveCfg = Debug|Any CPU
		{F6404230-1226-4D81-9751-D2E49EA4A1CC}.Debug|Win32.Build.0 = Debug|Any CPU
		{F6404230-1226-4D81-9751-D2E49EA4A1CC}.Release|Any CPU.ActiveCfg = Release|Any CPU
		{F6404230-1226-4D81-9751-D2E49EA4A1CC}.Release|Any CPU.Build.0 = Release|Any CPU
		{F6404230-1226-4D81-9751-D2E49EA4A1CC}.Release|Mixed Platforms.ActiveCfg = Release|Any CPU
		{F6404230-1226-4D81-9751-D2E49EA4A1CC}.Release|Mixed Platforms.Build.0 = Release|Any CPU
		{F6404230-1226-4D81-9751-D2E49EA4A1CC}.Release|Win32.ActiveCfg = Release|Any CPU
		{F6404230-1226-4D81-9751-D2E49EA4A1CC}.Release|Win32.Build.0 = Release|Any CPU
		{558E206A-F106-4E80-930C-96C0A837045D}.Debug|Any CPU.ActiveCfg = Debug|Any CPU
		{558E206A-F106-4E80-930C-96C0A837045D}.Debug|Any CPU.Build.0 = Debug|Any CPU
		{558E206A-F106-4E80-930C-96C0A837045D}.Debug|Mixed Platforms.ActiveCfg = Debug|Any CPU
		{558E206A-F106-4E80-930C-96C0A837045D}.Debug|Mixed Platforms.Build.0 = Debug|Any CPU
		{558E206A-F106-4E80-930C-96C0A837045D}.Debug|Win32.ActiveCfg = Debug|Any CPU
		{558E206A-F106-4E80-930C-96C0A837045D}.Debug|Win32.Build.0 = Debug|Any CPU
		{558E206A-F106-4E80-930C-96C0A837045D}.Release|Any CPU.ActiveCfg = Release|Any CPU
		{558E206A-F106-4E80-930C-96C0A837045D}.Release|Any CPU.Build.0 = Release|Any CPU
		{558E206A-F106-4E80-930C-96C0A837045D}.Release|Mixed Platforms.ActiveCfg = Release|Any CPU
		{558E206A-F106-4E80-930C-96C0A837045D}.Release|Mixed Platforms.Build.0 = Release|Any CPU
		{558E206A-F106-4E80-930C-96C0A837045D}.Release|Win32.ActiveCfg = Release|Any CPU
		{558E206A-F106-4E80-930C-96C0A837045D}.Release|Win32.Build.0 = Release|Any CPU
		{4D7884FC-EC3B-4BA2-AAD0-8B7E511A1552}.Debug|Any CPU.ActiveCfg = Debug|Any CPU
		{4D7884FC-EC3B-4BA2-AAD0-8B7E511A1552}.Debug|Any CPU.Build.0 = Debug|Any CPU
		{4D7884FC-EC3B-4BA2-AAD0-8B7E511A1552}.Debug|Mixed Platforms.ActiveCfg = Debug|Any CPU
		{4D7884FC-EC3B-4BA2-AAD0-8B7E511A1552}.Debug|Mixed Platforms.Build.0 = Debug|Any CPU
		{4D7884FC-EC3B-4BA2-AAD0-8B7E511A1552}.Debug|Win32.ActiveCfg = Debug|Any CPU
		{4D7884FC-EC3B-4BA2-AAD0-8B7E511A1552}.Debug|Win32.Build.0 = Debug|Any CPU
		{4D7884FC-EC3B-4BA2-AAD0-8B7E511A1552}.Release|Any CPU.ActiveCfg = Release|Any CPU
		{4D7884FC-EC3B-4BA2-AAD0-8B7E511A1552}.Release|Any CPU.Build.0 = Release|Any CPU
		{4D7884FC-EC3B-4BA2-AAD0-8B7E511A1552}.Release|Mixed Platforms.ActiveCfg = Release|Any CPU
		{4D7884FC-EC3B-4BA2-AAD0-8B7E511A1552}.Release|Mixed Platforms.Build.0 = Release|Any CPU
		{4D7884FC-EC3B-4BA2-AAD0-8B7E511A1552}.Release|Win32.ActiveCfg = Release|Any CPU
		{4D7884FC-EC3B-4BA2-AAD0-8B7E511A1552}.Release|Win32.Build.0 = Release|Any CPU
		{342FCEB2-A0D4-4057-BF79-F5BE1FC665E7}.Debug|Any CPU.ActiveCfg = Debug|Any CPU
		{342FCEB2-A0D4-4057-BF79-F5BE1FC665E7}.Debug|Any CPU.Build.0 = Debug|Any CPU
		{342FCEB2-A0D4-4057-BF79-F5BE1FC665E7}.Debug|Mixed Platforms.ActiveCfg = Debug|Any CPU
		{342FCEB2-A0D4-4057-BF79-F5BE1FC665E7}.Debug|Mixed Platforms.Build.0 = Debug|Any CPU
		{342FCEB2-A0D4-4057-BF79-F5BE1FC665E7}.Debug|Win32.ActiveCfg = Debug|Any CPU
		{342FCEB2-A0D4-4057-BF79-F5BE1FC665E7}.Debug|Win32.Build.0 = Debug|Any CPU
		{342FCEB2-A0D4-4057-BF79-F5BE1FC665E7}.Release|Any CPU.ActiveCfg = Release|Any CPU
		{342FCEB2-A0D4-4057-BF79-F5BE1FC665E7}.Release|Any CPU.Build.0 = Release|Any CPU
		{342FCEB2-A0D4-4057-BF79-F5BE1FC665E7}.Release|Mixed Platforms.ActiveCfg = Release|Any CPU
		{342FCEB2-A0D4-4057-BF79-F5BE1FC665E7}.Release|Mixed Platforms.Build.0 = Release|Any CPU
		{342FCEB2-A0D4-4057-BF79-F5BE1FC665E7}.Release|Win32.ActiveCfg = Release|Any CPU
		{342FCEB2-A0D4-4057-BF79-F5BE1FC665E7}.Release|Win32.Build.0 = Release|Any CPU
		{2DA4E6D3-9247-4EBA-AF00-717490B65FED}.Debug|Any CPU.ActiveCfg = Debug|Any CPU
		{2DA4E6D3-9247-4EBA-AF00-717490B65FED}.Debug|Any CPU.Build.0 = Debug|Any CPU
		{2DA4E6D3-9247-4EBA-AF00-717490B65FED}.Debug|Mixed Platforms.ActiveCfg = Debug|Any CPU
		{2DA4E6D3-9247-4EBA-AF00-717490B65FED}.Debug|Mixed Platforms.Build.0 = Debug|Any CPU
		{2DA4E6D3-9247-4EBA-AF00-717490B65FED}.Debug|Win32.ActiveCfg = Debug|Any CPU
		{2DA4E6D3-9247-4EBA-AF00-717490B65FED}.Debug|Win32.Build.0 = Debug|Any CPU
		{2DA4E6D3-9247-4EBA-AF00-717490B65FED}.Release|Any CPU.ActiveCfg = Release|Any CPU
		{2DA4E6D3-9247-4EBA-AF00-717490B65FED}.Release|Any CPU.Build.0 = Release|Any CPU
		{2DA4E6D3-9247-4EBA-AF00-717490B65FED}.Release|Mixed Platforms.ActiveCfg = Release|Any CPU
		{2DA4E6D3-9247-4EBA-AF00-717490B65FED}.Release|Mixed Platforms.Build.0 = Release|Any CPU
		{2DA4E6D3-9247-4EBA-AF00-717490B65FED}.Release|Win32.ActiveCfg = Release|Any CPU
		{2DA4E6D3-9247-4EBA-AF00-717490B65FED}.Release|Win32.Build.0 = Release|Any CPU
		{72CB7E9B-FCCE-4DDC-9ACD-0AFE8F18F7E7}.Debug|Any CPU.ActiveCfg = Debug|Any CPU
		{72CB7E9B-FCCE-4DDC-9ACD-0AFE8F18F7E7}.Debug|Any CPU.Build.0 = Debug|Any CPU
		{72CB7E9B-FCCE-4DDC-9ACD-0AFE8F18F7E7}.Debug|Mixed Platforms.ActiveCfg = Debug|Any CPU
		{72CB7E9B-FCCE-4DDC-9ACD-0AFE8F18F7E7}.Debug|Mixed Platforms.Build.0 = Debug|Any CPU
		{72CB7E9B-FCCE-4DDC-9ACD-0AFE8F18F7E7}.Debug|Win32.ActiveCfg = Debug|Any CPU
		{72CB7E9B-FCCE-4DDC-9ACD-0AFE8F18F7E7}.Debug|Win32.Build.0 = Debug|Any CPU
		{72CB7E9B-FCCE-4DDC-9ACD-0AFE8F18F7E7}.Release|Any CPU.ActiveCfg = Release|Any CPU
		{72CB7E9B-FCCE-4DDC-9ACD-0AFE8F18F7E7}.Release|Any CPU.Build.0 = Release|Any CPU
		{72CB7E9B-FCCE-4DDC-9ACD-0AFE8F18F7E7}.Release|Mixed Platforms.ActiveCfg = Release|Any CPU
		{72CB7E9B-FCCE-4DDC-9ACD-0AFE8F18F7E7}.Release|Mixed Platforms.Build.0 = Release|Any CPU
		{72CB7E9B-FCCE-4DDC-9ACD-0AFE8F18F7E7}.Release|Win32.ActiveCfg = Release|Any CPU
		{72CB7E9B-FCCE-4DDC-9ACD-0AFE8F18F7E7}.Release|Win32.Build.0 = Release|Any CPU
		{53AEAC24-25D2-483B-AAA0-9920F3D971E0}.Debug|Any CPU.ActiveCfg = Debug|Any CPU
		{53AEAC24-25D2-483B-AAA0-9920F3D971E0}.Debug|Any CPU.Build.0 = Debug|Any CPU
		{53AEAC24-25D2-483B-AAA0-9920F3D971E0}.Debug|Mixed Platforms.ActiveCfg = Debug|Any CPU
		{53AEAC24-25D2-483B-AAA0-9920F3D971E0}.Debug|Mixed Platforms.Build.0 = Debug|Any CPU
		{53AEAC24-25D2-483B-AAA0-9920F3D971E0}.Debug|Win32.ActiveCfg = Debug|Any CPU
		{53AEAC24-25D2-483B-AAA0-9920F3D971E0}.Debug|Win32.Build.0 = Debug|Any CPU
		{53AEAC24-25D2-483B-AAA0-9920F3D971E0}.Release|Any CPU.ActiveCfg = Release|Any CPU
		{53AEAC24-25D2-483B-AAA0-9920F3D971E0}.Release|Any CPU.Build.0 = Release|Any CPU
		{53AEAC24-25D2-483B-AAA0-9920F3D971E0}.Release|Mixed Platforms.ActiveCfg = Release|Any CPU
		{53AEAC24-25D2-483B-AAA0-9920F3D971E0}.Release|Mixed Platforms.Build.0 = Release|Any CPU
		{53AEAC24-25D2-483B-AAA0-9920F3D971E0}.Release|Win32.ActiveCfg = Release|Any CPU
		{53AEAC24-25D2-483B-AAA0-9920F3D971E0}.Release|Win32.Build.0 = Release|Any CPU
		{A6C6B4C2-B5FD-41BB-8B94-D50DC4C70772}.Debug|Any CPU.ActiveCfg = Debug|Any CPU
		{A6C6B4C2-B5FD-41BB-8B94-D50DC4C70772}.Debug|Any CPU.Build.0 = Debug|Any CPU
		{A6C6B4C2-B5FD-41BB-8B94-D50DC4C70772}.Debug|Mixed Platforms.ActiveCfg = Debug|Any CPU
		{A6C6B4C2-B5FD-41BB-8B94-D50DC4C70772}.Debug|Mixed Platforms.Build.0 = Debug|Any CPU
		{A6C6B4C2-B5FD-41BB-8B94-D50DC4C70772}.Debug|Win32.ActiveCfg = Debug|Any CPU
		{A6C6B4C2-B5FD-41BB-8B94-D50DC4C70772}.Debug|Win32.Build.0 = Debug|Any CPU
		{A6C6B4C2-B5FD-41BB-8B94-D50DC4C70772}.Release|Any CPU.ActiveCfg = Release|Any CPU
		{A6C6B4C2-B5FD-41BB-8B94-D50DC4C70772}.Release|Any CPU.Build.0 = Release|Any CPU
		{A6C6B4C2-B5FD-41BB-8B94-D50DC4C70772}.Release|Mixed Platforms.ActiveCfg = Release|Any CPU
		{A6C6B4C2-B5FD-41BB-8B94-D50DC4C70772}.Release|Mixed Platforms.Build.0 = Release|Any CPU
		{A6C6B4C2-B5FD-41BB-8B94-D50DC4C70772}.Release|Win32.ActiveCfg = Release|Any CPU
		{A6C6B4C2-B5FD-41BB-8B94-D50DC4C70772}.Release|Win32.Build.0 = Release|Any CPU
		{5126F62C-1387-4F82-BE3B-FD2BD6F180C5}.Debug|Any CPU.ActiveCfg = Debug|Any CPU
		{5126F62C-1387-4F82-BE3B-FD2BD6F180C5}.Debug|Any CPU.Build.0 = Debug|Any CPU
		{5126F62C-1387-4F82-BE3B-FD2BD6F180C5}.Debug|Mixed Platforms.ActiveCfg = Debug|Any CPU
		{5126F62C-1387-4F82-BE3B-FD2BD6F180C5}.Debug|Mixed Platforms.Build.0 = Debug|Any CPU
		{5126F62C-1387-4F82-BE3B-FD2BD6F180C5}.Debug|Win32.ActiveCfg = Debug|Any CPU
		{5126F62C-1387-4F82-BE3B-FD2BD6F180C5}.Debug|Win32.Build.0 = Debug|Any CPU
		{5126F62C-1387-4F82-BE3B-FD2BD6F180C5}.Release|Any CPU.ActiveCfg = Release|Any CPU
		{5126F62C-1387-4F82-BE3B-FD2BD6F180C5}.Release|Any CPU.Build.0 = Release|Any CPU
		{5126F62C-1387-4F82-BE3B-FD2BD6F180C5}.Release|Mixed Platforms.ActiveCfg = Release|Any CPU
		{5126F62C-1387-4F82-BE3B-FD2BD6F180C5}.Release|Mixed Platforms.Build.0 = Release|Any CPU
		{5126F62C-1387-4F82-BE3B-FD2BD6F180C5}.Release|Win32.ActiveCfg = Release|Any CPU
		{5126F62C-1387-4F82-BE3B-FD2BD6F180C5}.Release|Win32.Build.0 = Release|Any CPU
		{4915D93B-9991-4818-A9BB-23FB3B3B8D75}.Debug|Any CPU.ActiveCfg = Debug|Any CPU
		{4915D93B-9991-4818-A9BB-23FB3B3B8D75}.Debug|Any CPU.Build.0 = Debug|Any CPU
		{4915D93B-9991-4818-A9BB-23FB3B3B8D75}.Debug|Mixed Platforms.ActiveCfg = Debug|Any CPU
		{4915D93B-9991-4818-A9BB-23FB3B3B8D75}.Debug|Mixed Platforms.Build.0 = Debug|Any CPU
		{4915D93B-9991-4818-A9BB-23FB3B3B8D75}.Debug|Win32.ActiveCfg = Debug|Any CPU
		{4915D93B-9991-4818-A9BB-23FB3B3B8D75}.Debug|Win32.Build.0 = Debug|Any CPU
		{4915D93B-9991-4818-A9BB-23FB3B3B8D75}.Release|Any CPU.ActiveCfg = Release|Any CPU
		{4915D93B-9991-4818-A9BB-23FB3B3B8D75}.Release|Any CPU.Build.0 = Release|Any CPU
		{4915D93B-9991-4818-A9BB-23FB3B3B8D75}.Release|Mixed Platforms.ActiveCfg = Release|Any CPU
		{4915D93B-9991-4818-A9BB-23FB3B3B8D75}.Release|Mixed Platforms.Build.0 = Release|Any CPU
		{4915D93B-9991-4818-A9BB-23FB3B3B8D75}.Release|Win32.ActiveCfg = Release|Any CPU
		{4915D93B-9991-4818-A9BB-23FB3B3B8D75}.Release|Win32.Build.0 = Release|Any CPU
		{00688245-3161-44F2-A72F-1EFA33FA5BE1}.Debug|Any CPU.ActiveCfg = Debug|Any CPU
		{00688245-3161-44F2-A72F-1EFA33FA5BE1}.Debug|Any CPU.Build.0 = Debug|Any CPU
		{00688245-3161-44F2-A72F-1EFA33FA5BE1}.Debug|Mixed Platforms.ActiveCfg = Debug|Any CPU
		{00688245-3161-44F2-A72F-1EFA33FA5BE1}.Debug|Mixed Platforms.Build.0 = Debug|Any CPU
		{00688245-3161-44F2-A72F-1EFA33FA5BE1}.Debug|Win32.ActiveCfg = Debug|Any CPU
		{00688245-3161-44F2-A72F-1EFA33FA5BE1}.Debug|Win32.Build.0 = Debug|Any CPU
		{00688245-3161-44F2-A72F-1EFA33FA5BE1}.Release|Any CPU.ActiveCfg = Release|Any CPU
		{00688245-3161-44F2-A72F-1EFA33FA5BE1}.Release|Any CPU.Build.0 = Release|Any CPU
		{00688245-3161-44F2-A72F-1EFA33FA5BE1}.Release|Mixed Platforms.ActiveCfg = Release|Any CPU
		{00688245-3161-44F2-A72F-1EFA33FA5BE1}.Release|Mixed Platforms.Build.0 = Release|Any CPU
		{00688245-3161-44F2-A72F-1EFA33FA5BE1}.Release|Win32.ActiveCfg = Release|Any CPU
		{00688245-3161-44F2-A72F-1EFA33FA5BE1}.Release|Win32.Build.0 = Release|Any CPU
		{DE548A44-28DA-4AF1-B6BB-2C24F0D77DD8}.Debug|Any CPU.ActiveCfg = Debug|Any CPU
		{DE548A44-28DA-4AF1-B6BB-2C24F0D77DD8}.Debug|Any CPU.Build.0 = Debug|Any CPU
		{DE548A44-28DA-4AF1-B6BB-2C24F0D77DD8}.Debug|Mixed Platforms.ActiveCfg = Debug|Any CPU
		{DE548A44-28DA-4AF1-B6BB-2C24F0D77DD8}.Debug|Mixed Platforms.Build.0 = Debug|Any CPU
		{DE548A44-28DA-4AF1-B6BB-2C24F0D77DD8}.Debug|Win32.ActiveCfg = Debug|Any CPU
		{DE548A44-28DA-4AF1-B6BB-2C24F0D77DD8}.Debug|Win32.Build.0 = Debug|Any CPU
		{DE548A44-28DA-4AF1-B6BB-2C24F0D77DD8}.Release|Any CPU.ActiveCfg = Release|Any CPU
		{DE548A44-28DA-4AF1-B6BB-2C24F0D77DD8}.Release|Any CPU.Build.0 = Release|Any CPU
		{DE548A44-28DA-4AF1-B6BB-2C24F0D77DD8}.Release|Mixed Platforms.ActiveCfg = Release|Any CPU
		{DE548A44-28DA-4AF1-B6BB-2C24F0D77DD8}.Release|Mixed Platforms.Build.0 = Release|Any CPU
		{DE548A44-28DA-4AF1-B6BB-2C24F0D77DD8}.Release|Win32.ActiveCfg = Release|Any CPU
		{DE548A44-28DA-4AF1-B6BB-2C24F0D77DD8}.Release|Win32.Build.0 = Release|Any CPU
		{9299C868-D953-42BF-B296-BA6C89909C57}.Debug|Any CPU.ActiveCfg = Debug|Any CPU
		{9299C868-D953-42BF-B296-BA6C89909C57}.Debug|Any CPU.Build.0 = Debug|Any CPU
		{9299C868-D953-42BF-B296-BA6C89909C57}.Debug|Mixed Platforms.ActiveCfg = Debug|Any CPU
		{9299C868-D953-42BF-B296-BA6C89909C57}.Debug|Mixed Platforms.Build.0 = Debug|Any CPU
		{9299C868-D953-42BF-B296-BA6C89909C57}.Debug|Win32.ActiveCfg = Debug|Any CPU
		{9299C868-D953-42BF-B296-BA6C89909C57}.Debug|Win32.Build.0 = Debug|Any CPU
		{9299C868-D953-42BF-B296-BA6C89909C57}.Release|Any CPU.ActiveCfg = Release|Any CPU
		{9299C868-D953-42BF-B296-BA6C89909C57}.Release|Any CPU.Build.0 = Release|Any CPU
		{9299C868-D953-42BF-B296-BA6C89909C57}.Release|Mixed Platforms.ActiveCfg = Release|Any CPU
		{9299C868-D953-42BF-B296-BA6C89909C57}.Release|Mixed Platforms.Build.0 = Release|Any CPU
		{9299C868-D953-42BF-B296-BA6C89909C57}.Release|Win32.ActiveCfg = Release|Any CPU
		{9299C868-D953-42BF-B296-BA6C89909C57}.Release|Win32.Build.0 = Release|Any CPU
		{F0CCAFC4-109E-45EB-B8C2-F36F80931096}.Debug|Any CPU.ActiveCfg = Debug|Any CPU
		{F0CCAFC4-109E-45EB-B8C2-F36F80931096}.Debug|Any CPU.Build.0 = Debug|Any CPU
		{F0CCAFC4-109E-45EB-B8C2-F36F80931096}.Debug|Mixed Platforms.ActiveCfg = Debug|Any CPU
		{F0CCAFC4-109E-45EB-B8C2-F36F80931096}.Debug|Mixed Platforms.Build.0 = Debug|Any CPU
		{F0CCAFC4-109E-45EB-B8C2-F36F80931096}.Debug|Win32.ActiveCfg = Debug|Any CPU
		{F0CCAFC4-109E-45EB-B8C2-F36F80931096}.Debug|Win32.Build.0 = Debug|Any CPU
		{F0CCAFC4-109E-45EB-B8C2-F36F80931096}.Release|Any CPU.ActiveCfg = Release|Any CPU
		{F0CCAFC4-109E-45EB-B8C2-F36F80931096}.Release|Any CPU.Build.0 = Release|Any CPU
		{F0CCAFC4-109E-45EB-B8C2-F36F80931096}.Release|Mixed Platforms.ActiveCfg = Release|Any CPU
		{F0CCAFC4-109E-45EB-B8C2-F36F80931096}.Release|Mixed Platforms.Build.0 = Release|Any CPU
		{F0CCAFC4-109E-45EB-B8C2-F36F80931096}.Release|Win32.ActiveCfg = Release|Any CPU
		{F0CCAFC4-109E-45EB-B8C2-F36F80931096}.Release|Win32.Build.0 = Release|Any CPU
		{ECB0F723-FD79-4AD5-BBDD-2A2407C2FA15}.Debug|Any CPU.ActiveCfg = Debug|Any CPU
		{ECB0F723-FD79-4AD5-BBDD-2A2407C2FA15}.Debug|Any CPU.Build.0 = Debug|Any CPU
		{ECB0F723-FD79-4AD5-BBDD-2A2407C2FA15}.Debug|Mixed Platforms.ActiveCfg = Debug|Any CPU
		{ECB0F723-FD79-4AD5-BBDD-2A2407C2FA15}.Debug|Mixed Platforms.Build.0 = Debug|Any CPU
		{ECB0F723-FD79-4AD5-BBDD-2A2407C2FA15}.Debug|Win32.ActiveCfg = Debug|Any CPU
		{ECB0F723-FD79-4AD5-BBDD-2A2407C2FA15}.Debug|Win32.Build.0 = Debug|Any CPU
		{ECB0F723-FD79-4AD5-BBDD-2A2407C2FA15}.Release|Any CPU.ActiveCfg = Release|Any CPU
		{ECB0F723-FD79-4AD5-BBDD-2A2407C2FA15}.Release|Any CPU.Build.0 = Release|Any CPU
		{ECB0F723-FD79-4AD5-BBDD-2A2407C2FA15}.Release|Mixed Platforms.ActiveCfg = Release|Any CPU
		{ECB0F723-FD79-4AD5-BBDD-2A2407C2FA15}.Release|Mixed Platforms.Build.0 = Release|Any CPU
		{ECB0F723-FD79-4AD5-BBDD-2A2407C2FA15}.Release|Win32.ActiveCfg = Release|Any CPU
		{ECB0F723-FD79-4AD5-BBDD-2A2407C2FA15}.Release|Win32.Build.0 = Release|Any CPU
		{7C6833AA-010D-4A6F-9EFA-5E838F9CEE4D}.Debug|Any CPU.ActiveCfg = Debug|Any CPU
		{7C6833AA-010D-4A6F-9EFA-5E838F9CEE4D}.Debug|Any CPU.Build.0 = Debug|Any CPU
		{7C6833AA-010D-4A6F-9EFA-5E838F9CEE4D}.Debug|Mixed Platforms.ActiveCfg = Debug|Any CPU
		{7C6833AA-010D-4A6F-9EFA-5E838F9CEE4D}.Debug|Mixed Platforms.Build.0 = Debug|Any CPU
		{7C6833AA-010D-4A6F-9EFA-5E838F9CEE4D}.Debug|Win32.ActiveCfg = Debug|Any CPU
		{7C6833AA-010D-4A6F-9EFA-5E838F9CEE4D}.Debug|Win32.Build.0 = Debug|Any CPU
		{7C6833AA-010D-4A6F-9EFA-5E838F9CEE4D}.Release|Any CPU.ActiveCfg = Release|Any CPU
		{7C6833AA-010D-4A6F-9EFA-5E838F9CEE4D}.Release|Any CPU.Build.0 = Release|Any CPU
		{7C6833AA-010D-4A6F-9EFA-5E838F9CEE4D}.Release|Mixed Platforms.ActiveCfg = Release|Any CPU
		{7C6833AA-010D-4A6F-9EFA-5E838F9CEE4D}.Release|Mixed Platforms.Build.0 = Release|Any CPU
		{7C6833AA-010D-4A6F-9EFA-5E838F9CEE4D}.Release|Win32.ActiveCfg = Release|Any CPU
		{7C6833AA-010D-4A6F-9EFA-5E838F9CEE4D}.Release|Win32.Build.0 = Release|Any CPU
		{8080CAC9-A80C-4DC3-80E9-DF5894A53CD7}.Debug|Any CPU.ActiveCfg = Debug|Any CPU
		{8080CAC9-A80C-4DC3-80E9-DF5894A53CD7}.Debug|Any CPU.Build.0 = Debug|Any CPU
		{8080CAC9-A80C-4DC3-80E9-DF5894A53CD7}.Debug|Mixed Platforms.ActiveCfg = Debug|Any CPU
		{8080CAC9-A80C-4DC3-80E9-DF5894A53CD7}.Debug|Mixed Platforms.Build.0 = Debug|Any CPU
		{8080CAC9-A80C-4DC3-80E9-DF5894A53CD7}.Debug|Win32.ActiveCfg = Debug|Any CPU
		{8080CAC9-A80C-4DC3-80E9-DF5894A53CD7}.Debug|Win32.Build.0 = Debug|Any CPU
		{8080CAC9-A80C-4DC3-80E9-DF5894A53CD7}.Release|Any CPU.ActiveCfg = Release|Any CPU
		{8080CAC9-A80C-4DC3-80E9-DF5894A53CD7}.Release|Any CPU.Build.0 = Release|Any CPU
		{8080CAC9-A80C-4DC3-80E9-DF5894A53CD7}.Release|Mixed Platforms.ActiveCfg = Release|Any CPU
		{8080CAC9-A80C-4DC3-80E9-DF5894A53CD7}.Release|Mixed Platforms.Build.0 = Release|Any CPU
		{8080CAC9-A80C-4DC3-80E9-DF5894A53CD7}.Release|Win32.ActiveCfg = Release|Any CPU
		{8080CAC9-A80C-4DC3-80E9-DF5894A53CD7}.Release|Win32.Build.0 = Release|Any CPU
		{ABA24325-6F38-4309-8824-39E94DB2EFA8}.Debug|Any CPU.ActiveCfg = Debug|Any CPU
		{ABA24325-6F38-4309-8824-39E94DB2EFA8}.Debug|Any CPU.Build.0 = Debug|Any CPU
		{ABA24325-6F38-4309-8824-39E94DB2EFA8}.Debug|Mixed Platforms.ActiveCfg = Debug|Any CPU
		{ABA24325-6F38-4309-8824-39E94DB2EFA8}.Debug|Mixed Platforms.Build.0 = Debug|Any CPU
		{ABA24325-6F38-4309-8824-39E94DB2EFA8}.Debug|Win32.ActiveCfg = Debug|Any CPU
		{ABA24325-6F38-4309-8824-39E94DB2EFA8}.Debug|Win32.Build.0 = Debug|Any CPU
		{ABA24325-6F38-4309-8824-39E94DB2EFA8}.Release|Any CPU.ActiveCfg = Release|Any CPU
		{ABA24325-6F38-4309-8824-39E94DB2EFA8}.Release|Any CPU.Build.0 = Release|Any CPU
		{ABA24325-6F38-4309-8824-39E94DB2EFA8}.Release|Mixed Platforms.ActiveCfg = Release|Any CPU
		{ABA24325-6F38-4309-8824-39E94DB2EFA8}.Release|Mixed Platforms.Build.0 = Release|Any CPU
		{ABA24325-6F38-4309-8824-39E94DB2EFA8}.Release|Win32.ActiveCfg = Release|Any CPU
		{ABA24325-6F38-4309-8824-39E94DB2EFA8}.Release|Win32.Build.0 = Release|Any CPU
	EndGlobalSection
	GlobalSection(SolutionProperties) = preSolution
		HideSolutionNode = FALSE
	EndGlobalSection
	GlobalSection(NestedProjects) = preSolution
		{4DA04B75-FCD5-4A2E-8469-410F14E24870} = {0F24BC06-D961-4A3F-9EFD-1B4A96688425}
		{E2294E62-D74E-4FCB-84CF-7E454079C1CD} = {0F24BC06-D961-4A3F-9EFD-1B4A96688425}
		{52F7916C-2336-45BD-997F-E65B109B1E3D} = {6D2BFABF-B635-44CE-B8D1-535521B1174C}
		{8E9913FD-D864-4B03-8080-6494E7277362} = {5681CC39-9FAB-4A2F-935B-3BE870EB18B6}
		{E974AA83-F903-45CB-B255-75720098FF50} = {5681CC39-9FAB-4A2F-935B-3BE870EB18B6}
		{188691B8-9FCB-4B5C-B163-B2DA10F8BCC2} = {D997037A-8C67-4E13-84DB-79E586A39F96}
		{E1EE08A1-6EA8-4E29-8243-7BDDD425400F} = {A491A8CA-15CB-4741-9356-D9378A3AD48E}
		{4142B4CF-D166-4E3F-BCDE-F21324797DE6} = {5681CC39-9FAB-4A2F-935B-3BE870EB18B6}
		{47805C91-A245-4702-B142-2968E7F65B32} = {3A4DE7F7-1B80-4C8D-9175-A2CED54DA593}
		{4F8BB778-900C-4906-AF43-13FC617068D0} = {5681CC39-9FAB-4A2F-935B-3BE870EB18B6}
		{96F15CC5-784E-440F-9DAF-94BCDE2CF141} = {8BF92AD4-B028-49F4-8BB3-26FDAFE7298A}
		{9954696A-2666-4BA4-A376-0AAA115ECC0C} = {0F24BC06-D961-4A3F-9EFD-1B4A96688425}
		{F6404230-1226-4D81-9751-D2E49EA4A1CC} = {D997037A-8C67-4E13-84DB-79E586A39F96}
		{558E206A-F106-4E80-930C-96C0A837045D} = {0F24BC06-D961-4A3F-9EFD-1B4A96688425}
		{4D7884FC-EC3B-4BA2-AAD0-8B7E511A1552} = {0F24BC06-D961-4A3F-9EFD-1B4A96688425}
		{342FCEB2-A0D4-4057-BF79-F5BE1FC665E7} = {0F24BC06-D961-4A3F-9EFD-1B4A96688425}
		{2DA4E6D3-9247-4EBA-AF00-717490B65FED} = {3A4DE7F7-1B80-4C8D-9175-A2CED54DA593}
		{72CB7E9B-FCCE-4DDC-9ACD-0AFE8F18F7E7} = {0F24BC06-D961-4A3F-9EFD-1B4A96688425}
		{53AEAC24-25D2-483B-AAA0-9920F3D971E0} = {0F24BC06-D961-4A3F-9EFD-1B4A96688425}
		{A6C6B4C2-B5FD-41BB-8B94-D50DC4C70772} = {5681CC39-9FAB-4A2F-935B-3BE870EB18B6}
		{5126F62C-1387-4F82-BE3B-FD2BD6F180C5} = {5681CC39-9FAB-4A2F-935B-3BE870EB18B6}
		{4915D93B-9991-4818-A9BB-23FB3B3B8D75} = {3A4DE7F7-1B80-4C8D-9175-A2CED54DA593}
		{00688245-3161-44F2-A72F-1EFA33FA5BE1} = {0F24BC06-D961-4A3F-9EFD-1B4A96688425}
		{DE548A44-28DA-4AF1-B6BB-2C24F0D77DD8} = {3A4DE7F7-1B80-4C8D-9175-A2CED54DA593}
		{9299C868-D953-42BF-B296-BA6C89909C57} = {5681CC39-9FAB-4A2F-935B-3BE870EB18B6}
		{F0CCAFC4-109E-45EB-B8C2-F36F80931096} = {3A4DE7F7-1B80-4C8D-9175-A2CED54DA593}
		{ECB0F723-FD79-4AD5-BBDD-2A2407C2FA15} = {0F24BC06-D961-4A3F-9EFD-1B4A96688425}
		{7C6833AA-010D-4A6F-9EFA-5E838F9CEE4D} = {A491A8CA-15CB-4741-9356-D9378A3AD48E}
		{8080CAC9-A80C-4DC3-80E9-DF5894A53CD7} = {3A4DE7F7-1B80-4C8D-9175-A2CED54DA593}
		{ABA24325-6F38-4309-8824-39E94DB2EFA8} = {0F24BC06-D961-4A3F-9EFD-1B4A96688425}
	EndGlobalSection
EndGlobal
