
Microsoft Visual Studio Solution File, Format Version 12.00
Project("{FAE04EC0-301F-11D3-BF4B-00C04F79EFBC}") = "Sample.Game", "Sample.Game\Sample.Game.csproj", "{124B7DF0-05F4-4B7A-A0DA-C8D502DFECEF}"
EndProject
Project("{FAE04EC0-301F-11D3-BF4B-00C04F79EFBC}") = "Sample.MM", "Sample.MM\Sample.MM.csproj", "{E5E1DDAE-5E8D-493D-BBD8-A9D524C5B648}"
EndProject
Project("{FAE04EC0-301F-11D3-BF4B-00C04F79EFBC}") = "Sample.Shared", "Sample.Shared\Sample.Shared.csproj", "{016C89A0-9C00-4B70-87BF-62F0DE2CCC7F}"
EndProject
Project("{FAE04EC0-301F-11D3-BF4B-00C04F79EFBC}") = "Sample.Client", "Sample.Client\Sample.Client.csproj", "{77FB7599-7184-4947-90F1-63E9082D9934}"
EndProject
Project("{FAE04EC0-301F-11D3-BF4B-00C04F79EFBC}") = "Sample.BackEnd", "Sample.BackEnd\Sample.BackEnd.csproj", "{D73BABC7-51CE-496C-93DF-1F86BE1C9489}"
EndProject

Global
	GlobalSection(SolutionConfigurationPlatforms) = preSolution
		Debug|Any CPU = Debug|Any CPU
		Release|Any CPU = Release|Any CPU
	EndGlobalSection
	GlobalSection(ProjectConfigurationPlatforms) = postSolution
		{124B7DF0-05F4-4B7A-A0DA-C8D502DFECEF}.Debug|Any CPU.ActiveCfg = Debug|Any CPU
		{124B7DF0-05F4-4B7A-A0DA-C8D502DFECEF}.Debug|Any CPU.Build.0 = Debug|Any CPU
		{124B7DF0-05F4-4B7A-A0DA-C8D502DFECEF}.Release|Any CPU.ActiveCfg = Release|Any CPU
		{124B7DF0-05F4-4B7A-A0DA-C8D502DFECEF}.Release|Any CPU.Build.0 = Release|Any CPU
		{E5E1DDAE-5E8D-493D-BBD8-A9D524C5B648}.Debug|Any CPU.ActiveCfg = Debug|Any CPU
		{E5E1DDAE-5E8D-493D-BBD8-A9D524C5B648}.Debug|Any CPU.Build.0 = Debug|Any CPU
		{E5E1DDAE-5E8D-493D-BBD8-A9D524C5B648}.Release|Any CPU.ActiveCfg = Release|Any CPU
		{E5E1DDAE-5E8D-493D-BBD8-A9D524C5B648}.Release|Any CPU.Build.0 = Release|Any CPU
		{016C89A0-9C00-4B70-87BF-62F0DE2CCC7F}.Debug|Any CPU.ActiveCfg = Debug|Any CPU
		{016C89A0-9C00-4B70-87BF-62F0DE2CCC7F}.Debug|Any CPU.Build.0 = Debug|Any CPU
		{016C89A0-9C00-4B70-87BF-62F0DE2CCC7F}.Release|Any CPU.ActiveCfg = Release|Any CPU
		{016C89A0-9C00-4B70-87BF-62F0DE2CCC7F}.Release|Any CPU.Build.0 = Release|Any CPU
		{77FB7599-7184-4947-90F1-63E9082D9934}.Debug|Any CPU.ActiveCfg = Debug|Any CPU
		{77FB7599-7184-4947-90F1-63E9082D9934}.Debug|Any CPU.Build.0 = Debug|Any CPU
		{77FB7599-7184-4947-90F1-63E9082D9934}.Release|Any CPU.ActiveCfg = Release|Any CPU
		{77FB7599-7184-4947-90F1-63E9082D9934}.Release|Any CPU.Build.0 = Release|Any CPU
		{D73BABC7-51CE-496C-93DF-1F86BE1C9489}.Debug|Any CPU.ActiveCfg = Debug|Any CPU
		{D73BABC7-51CE-496C-93DF-1F86BE1C9489}.Debug|Any CPU.Build.0 = Debug|Any CPU
		{D73BABC7-51CE-496C-93DF-1F86BE1C9489}.Release|Any CPU.ActiveCfg = Release|Any CPU
		{D73BABC7-51CE-496C-93DF-1F86BE1C9489}.Release|Any CPU.Build.0 = Release|Any CPU
		{3E17919F-B81D-4DDC-A03F-B1CE46F9677C}.Debug|Any CPU.ActiveCfg = Debug|Any CPU
		{3E17919F-B81D-4DDC-A03F-B1CE46F9677C}.Debug|Any CPU.Build.0 = Debug|Any CPU
		{3E17919F-B81D-4DDC-A03F-B1CE46F9677C}.Release|Any CPU.ActiveCfg = Release|Any CPU
		{3E17919F-B81D-4DDC-A03F-B1CE46F9677C}.Release|Any CPU.Build.0 = Release|Any CPU
		{58A9B67D-8888-47DD-BFE6-5D56547A710E}.Debug|Any CPU.ActiveCfg = Debug|Any CPU
		{58A9B67D-8888-47DD-BFE6-5D56547A710E}.Debug|Any CPU.Build.0 = Debug|Any CPU
		{58A9B67D-8888-47DD-BFE6-5D56547A710E}.Release|Any CPU.ActiveCfg = Release|Any CPU
		{58A9B67D-8888-47DD-BFE6-5D56547A710E}.Release|Any CPU.Build.0 = Release|Any CPU
	EndGlobalSection
EndGlobal
