
Microsoft Visual Studio Solution File, Format Version 12.00
Project("{FAE04EC0-301F-11D3-BF4B-00C04F79EFBC}") = "Server", "Server\Server.csproj", "{6C0DF12B-507C-45B6-98F4-9EF7E549617C}"
EndProject
Project("{FAE04EC0-301F-11D3-BF4B-00C04F79EFBC}") = "MM", "MM\MM.csproj", "{A42105F3-0DE4-4DC7-AAA4-D5BDF203C43B}"
EndProject
Project("{FAE04EC0-301F-11D3-BF4B-00C04F79EFBC}") = "Monkeys", "Monkeys\Monkeys.csproj", "{94B11969-E75B-40BA-8E5A-BBE9B8F0738A}"
EndProject
Global
	GlobalSection(SolutionConfigurationPlatforms) = preSolution
		Debug|Any CPU = Debug|Any CPU
		Release|Any CPU = Release|Any CPU
	EndGlobalSection
	GlobalSection(ProjectConfigurationPlatforms) = postSolution
		{6C0DF12B-507C-45B6-98F4-9EF7E549617C}.Debug|Any CPU.ActiveCfg = Debug|Any CPU
		{6C0DF12B-507C-45B6-98F4-9EF7E549617C}.Debug|Any CPU.Build.0 = Debug|Any CPU
		{6C0DF12B-507C-45B6-98F4-9EF7E549617C}.Release|Any CPU.ActiveCfg = Release|Any CPU
		{6C0DF12B-507C-45B6-98F4-9EF7E549617C}.Release|Any CPU.Build.0 = Release|Any CPU
		{A42105F3-0DE4-4DC7-AAA4-D5BDF203C43B}.Debug|Any CPU.ActiveCfg = Debug|Any CPU
		{A42105F3-0DE4-4DC7-AAA4-D5BDF203C43B}.Debug|Any CPU.Build.0 = Debug|Any CPU
		{A42105F3-0DE4-4DC7-AAA4-D5BDF203C43B}.Release|Any CPU.ActiveCfg = Release|Any CPU
		{A42105F3-0DE4-4DC7-AAA4-D5BDF203C43B}.Release|Any CPU.Build.0 = Release|Any CPU
		{94B11969-E75B-40BA-8E5A-BBE9B8F0738A}.Debug|Any CPU.ActiveCfg = Debug|Any CPU
		{94B11969-E75B-40BA-8E5A-BBE9B8F0738A}.Debug|Any CPU.Build.0 = Debug|Any CPU
		{94B11969-E75B-40BA-8E5A-BBE9B8F0738A}.Release|Any CPU.ActiveCfg = Release|Any CPU
		{94B11969-E75B-40BA-8E5A-BBE9B8F0738A}.Release|Any CPU.Build.0 = Release|Any CPU
	EndGlobalSection
EndGlobal
