
Microsoft Visual Studio Solution File, Format Version 12.00
Project("{FAE04EC0-301F-11D3-BF4B-00C04F79EFBC}") = "Server", "Server\Server.csproj", "{A0FE7BD1-CC65-4E9F-BB43-935454255CCB}"
EndProject
Project("{FAE04EC0-301F-11D3-BF4B-00C04F79EFBC}") = "Client", "Client\Client.csproj", "{A21EF8B8-38AC-498E-B884-B5093ED2D347}"
EndProject
Project("{FAE04EC0-301F-11D3-BF4B-00C04F79EFBC}") = "Messages", "Messages\Messages.csproj", "{A9AB9A95-8F71-4CA5-80E6-8101272CBDEB}"
EndProject
Project("{FAE04EC0-301F-11D3-BF4B-00C04F79EFBC}") = "Client.Console", "Client.Console\Client.Console.csproj", "{D74EE345-A6F6-4CF2-B13B-00134AE0094E}"
EndProject
Global
	GlobalSection(SolutionConfigurationPlatforms) = preSolution
		Debug|Any CPU = Debug|Any CPU
		Release|Any CPU = Release|Any CPU
	EndGlobalSection
	GlobalSection(ProjectConfigurationPlatforms) = postSolution
		{A0FE7BD1-CC65-4E9F-BB43-935454255CCB}.Debug|Any CPU.ActiveCfg = Debug|Any CPU
		{A0FE7BD1-CC65-4E9F-BB43-935454255CCB}.Debug|Any CPU.Build.0 = Debug|Any CPU
		{A0FE7BD1-CC65-4E9F-BB43-935454255CCB}.Release|Any CPU.ActiveCfg = Release|Any CPU
		{A0FE7BD1-CC65-4E9F-BB43-935454255CCB}.Release|Any CPU.Build.0 = Release|Any CPU
		{A21EF8B8-38AC-498E-B884-B5093ED2D347}.Debug|Any CPU.ActiveCfg = Debug|Any CPU
		{A21EF8B8-38AC-498E-B884-B5093ED2D347}.Debug|Any CPU.Build.0 = Debug|Any CPU
		{A21EF8B8-38AC-498E-B884-B5093ED2D347}.Release|Any CPU.ActiveCfg = Release|Any CPU
		{A21EF8B8-38AC-498E-B884-B5093ED2D347}.Release|Any CPU.Build.0 = Release|Any CPU
		{A9AB9A95-8F71-4CA5-80E6-8101272CBDEB}.Debug|Any CPU.ActiveCfg = Debug|Any CPU
		{A9AB9A95-8F71-4CA5-80E6-8101272CBDEB}.Debug|Any CPU.Build.0 = Debug|Any CPU
		{A9AB9A95-8F71-4CA5-80E6-8101272CBDEB}.Release|Any CPU.ActiveCfg = Release|Any CPU
		{A9AB9A95-8F71-4CA5-80E6-8101272CBDEB}.Release|Any CPU.Build.0 = Release|Any CPU
		{D74EE345-A6F6-4CF2-B13B-00134AE0094E}.Debug|Any CPU.ActiveCfg = Debug|Any CPU
		{D74EE345-A6F6-4CF2-B13B-00134AE0094E}.Debug|Any CPU.Build.0 = Debug|Any CPU
		{D74EE345-A6F6-4CF2-B13B-00134AE0094E}.Release|Any CPU.ActiveCfg = Release|Any CPU
		{D74EE345-A6F6-4CF2-B13B-00134AE0094E}.Release|Any CPU.Build.0 = Release|Any CPU
	EndGlobalSection
EndGlobal
